// !$*UTF8*$!
{
	archiveVersion = 1;
	classes = {
	};
	objectVersion = 56;
	objects = {

/* Begin PBXBuildFile section */
		230B43A32B3686B700436A10 /* LayoutBatchTargetBuilder.swift in Sources */ = {isa = PBXBuildFile; fileRef = 230B43A22B3686B700436A10 /* LayoutBatchTargetBuilder.swift */; };
		230B43A52B3686C500436A10 /* LayoutBatchLinkerBuilder.swift in Sources */ = {isa = PBXBuildFile; fileRef = 230B43A42B3686C500436A10 /* LayoutBatchLinkerBuilder.swift */; };
		230B43A72B3686FE00436A10 /* LayoutBatchManager.swift in Sources */ = {isa = PBXBuildFile; fileRef = 230B43A62B3686FE00436A10 /* LayoutBatchManager.swift */; };
		230B43A92B368FC900436A10 /* LayoutConstraintUpdater.swift in Sources */ = {isa = PBXBuildFile; fileRef = 230B43A82B368FC900436A10 /* LayoutConstraintUpdater.swift */; };
		230B43AB2B36C02700436A10 /* LayoutVoidMaker+Limit.swift in Sources */ = {isa = PBXBuildFile; fileRef = 230B43AA2B36C02700436A10 /* LayoutVoidMaker+Limit.swift */; };
		232328432B32DA2E00F1E715 /* LayoutConstraintOffset.swift in Sources */ = {isa = PBXBuildFile; fileRef = 232328422B32DA2E00F1E715 /* LayoutConstraintOffset.swift */; };
		232328452B32DBE600F1E715 /* LayoutConstraintMultiplier.swift in Sources */ = {isa = PBXBuildFile; fileRef = 232328442B32DBE600F1E715 /* LayoutConstraintMultiplier.swift */; };
		232328472B32DC4400F1E715 /* LayoutConstraintIdentifier.swift in Sources */ = {isa = PBXBuildFile; fileRef = 232328462B32DC4400F1E715 /* LayoutConstraintIdentifier.swift */; };
		232328492B32DCB800F1E715 /* LayoutConstraintPriority.swift in Sources */ = {isa = PBXBuildFile; fileRef = 232328482B32DCB800F1E715 /* LayoutConstraintPriority.swift */; };
		2323284B2B32DD6700F1E715 /* LayoutConstraintActive.swift in Sources */ = {isa = PBXBuildFile; fileRef = 2323284A2B32DD6700F1E715 /* LayoutConstraintActive.swift */; };
		2323284D2B3305C100F1E715 /* LayoutModifier.swift in Sources */ = {isa = PBXBuildFile; fileRef = 2323284C2B3305C100F1E715 /* LayoutModifier.swift */; };
		2323284F2B33087D00F1E715 /* LayoutConstraintUpdate.swift in Sources */ = {isa = PBXBuildFile; fileRef = 2323284E2B33087D00F1E715 /* LayoutConstraintUpdate.swift */; };
		232328512B330C8800F1E715 /* LayoutConstraintRemake.swift in Sources */ = {isa = PBXBuildFile; fileRef = 232328502B330C8800F1E715 /* LayoutConstraintRemake.swift */; };
		232328532B330CB500F1E715 /* LayoutRemakable.swift in Sources */ = {isa = PBXBuildFile; fileRef = 232328522B330CB500F1E715 /* LayoutRemakable.swift */; };
		232328582B3339D000F1E715 /* LayoutAnchorTargetProtocol.swift in Sources */ = {isa = PBXBuildFile; fileRef = 232328572B3339D000F1E715 /* LayoutAnchorTargetProtocol.swift */; };
		2323285A2B33409000F1E715 /* LayoutReMaker.swift in Sources */ = {isa = PBXBuildFile; fileRef = 232328592B33409000F1E715 /* LayoutReMaker.swift */; };
		234B284A2B32C5E700B93BB6 /* LayoutMaker.swift in Sources */ = {isa = PBXBuildFile; fileRef = 234B28492B32C5E700B93BB6 /* LayoutMaker.swift */; };
		234B284C2B32C67D00B93BB6 /* LayoutConstraintProtocol.swift in Sources */ = {isa = PBXBuildFile; fileRef = 234B284B2B32C67D00B93BB6 /* LayoutConstraintProtocol.swift */; };
		235105BC2B35CE79008631A8 /* LayoutSimpleUpdater.swift in Sources */ = {isa = PBXBuildFile; fileRef = 235105BB2B35CE79008631A8 /* LayoutSimpleUpdater.swift */; };
		237B754A2B357E4600E904FB /* LayoutModifier+Limit.swift in Sources */ = {isa = PBXBuildFile; fileRef = 237B75492B357E4600E904FB /* LayoutModifier+Limit.swift */; };
		237B754C2B357E6F00E904FB /* LayoutMaker+Limit.swift in Sources */ = {isa = PBXBuildFile; fileRef = 237B754B2B357E6F00E904FB /* LayoutMaker+Limit.swift */; };
		237B75542B358E9C00E904FB /* LayoutReplacer.swift in Sources */ = {isa = PBXBuildFile; fileRef = 237B75532B358E9C00E904FB /* LayoutReplacer.swift */; };
		237B75562B358EE100E904FB /* LayoutReplacer+Limit.swift in Sources */ = {isa = PBXBuildFile; fileRef = 237B75552B358EE100E904FB /* LayoutReplacer+Limit.swift */; };
		237B75592B35B0CD00E904FB /* LayoutMakerProtocol.swift in Sources */ = {isa = PBXBuildFile; fileRef = 237B75582B35B0CD00E904FB /* LayoutMakerProtocol.swift */; };
		237B755B2B35B0EC00E904FB /* LayoutModifierProtocol.swift in Sources */ = {isa = PBXBuildFile; fileRef = 237B755A2B35B0EC00E904FB /* LayoutModifierProtocol.swift */; };
		237B755D2B35B11A00E904FB /* LayoutCommonRelationImpl.swift in Sources */ = {isa = PBXBuildFile; fileRef = 237B755C2B35B11A00E904FB /* LayoutCommonRelationImpl.swift */; };
		239DF2902B31CE7500960641 /* LayoutUpdatable.swift in Sources */ = {isa = PBXBuildFile; fileRef = 239DF28F2B31CE7500960641 /* LayoutUpdatable.swift */; };
		23BBB2662B36C16C00CBADB0 /* LayoutVoidMaker.swift in Sources */ = {isa = PBXBuildFile; fileRef = 23BBB2652B36C16C00CBADB0 /* LayoutVoidMaker.swift */; };
		23BBB2682B36C2F900CBADB0 /* LayoutManagerBatchBuild.swift in Sources */ = {isa = PBXBuildFile; fileRef = 23BBB2672B36C2F900CBADB0 /* LayoutManagerBatchBuild.swift */; };
		23BBB26A2B36DD7200CBADB0 /* LayoutBatchTargetUpdater.swift in Sources */ = {isa = PBXBuildFile; fileRef = 23BBB2692B36DD7200CBADB0 /* LayoutBatchTargetUpdater.swift */; };
		23BBB26D2B36E10800CBADB0 /* LayoutLinker+Update.swift in Sources */ = {isa = PBXBuildFile; fileRef = 23BBB26C2B36E10800CBADB0 /* LayoutLinker+Update.swift */; };
		23BBB26F2B36E1D400CBADB0 /* LayoutTarget+Update.swift in Sources */ = {isa = PBXBuildFile; fileRef = 23BBB26E2B36E1D400CBADB0 /* LayoutTarget+Update.swift */; };
		23BBB2712B36E23100CBADB0 /* LayoutBatchLinkUpdater.swift in Sources */ = {isa = PBXBuildFile; fileRef = 23BBB2702B36E23100CBADB0 /* LayoutBatchLinkUpdater.swift */; };
		23BE2D872B341E7400D7FBC2 /* LayoutLinkerPositionAnchor.swift in Sources */ = {isa = PBXBuildFile; fileRef = 23BE2D862B341E7400D7FBC2 /* LayoutLinkerPositionAnchor.swift */; };
		23BE2D8C2B341FFB00D7FBC2 /* LayoutLinkerPositionListAnchor.swift in Sources */ = {isa = PBXBuildFile; fileRef = 23BE2D8B2B341FFB00D7FBC2 /* LayoutLinkerPositionListAnchor.swift */; };
		23BE2D8E2B3420E700D7FBC2 /* LayoutLinker+Anchor.swift in Sources */ = {isa = PBXBuildFile; fileRef = 23BE2D8D2B3420E700D7FBC2 /* LayoutLinker+Anchor.swift */; };
		23BE2D902B3420FE00D7FBC2 /* LayoutLinkerSizeAnchor.swift in Sources */ = {isa = PBXBuildFile; fileRef = 23BE2D8F2B3420FE00D7FBC2 /* LayoutLinkerSizeAnchor.swift */; };
		23BE2D922B34210800D7FBC2 /* LayoutLinkerSizeListAnchor.swift in Sources */ = {isa = PBXBuildFile; fileRef = 23BE2D912B34210800D7FBC2 /* LayoutLinkerSizeListAnchor.swift */; };
		23BE2D962B3455C700D7FBC2 /* LayoutUpdater.swift in Sources */ = {isa = PBXBuildFile; fileRef = 23BE2D952B3455C700D7FBC2 /* LayoutUpdater.swift */; };
		23BE2D982B34712300D7FBC2 /* LayoutCompressionDict.swift in Sources */ = {isa = PBXBuildFile; fileRef = 23BE2D972B34712300D7FBC2 /* LayoutCompressionDict.swift */; };
		23F391702B3191C5006D7033 /* Yang.framework in Frameworks */ = {isa = PBXBuildFile; fileRef = 23F391652B3191C5006D7033 /* Yang.framework */; };
		23F392AB2B31944C006D7033 /* LayoutParentMark.swift in Sources */ = {isa = PBXBuildFile; fileRef = 23F392412B31944C006D7033 /* LayoutParentMark.swift */; };
		23F392AC2B31944C006D7033 /* LayoutSizeMark.swift in Sources */ = {isa = PBXBuildFile; fileRef = 23F392422B31944C006D7033 /* LayoutSizeMark.swift */; };
		23F392AD2B31944C006D7033 /* LayoutRelationshipMark.swift in Sources */ = {isa = PBXBuildFile; fileRef = 23F392432B31944C006D7033 /* LayoutRelationshipMark.swift */; };
		23F392AE2B31944C006D7033 /* LayoutSiblingMark.swift in Sources */ = {isa = PBXBuildFile; fileRef = 23F392442B31944C006D7033 /* LayoutSiblingMark.swift */; };
		23F392AF2B31944C006D7033 /* LayoutRelation.swift in Sources */ = {isa = PBXBuildFile; fileRef = 23F392462B31944C006D7033 /* LayoutRelation.swift */; };
		23F392B02B31944C006D7033 /* LayoutPriority.swift in Sources */ = {isa = PBXBuildFile; fileRef = 23F392472B31944C006D7033 /* LayoutPriority.swift */; };
		23F392B12B31944C006D7033 /* LayoutTracer.swift in Sources */ = {isa = PBXBuildFile; fileRef = 23F392492B31944C006D7033 /* LayoutTracer.swift */; };
		23F392B22B31944C006D7033 /* LayoutTypes.swift in Sources */ = {isa = PBXBuildFile; fileRef = 23F3924B2B31944C006D7033 /* LayoutTypes.swift */; };
		23F392B32B31944C006D7033 /* PrivacyInfo.xcprivacy in Resources */ = {isa = PBXBuildFile; fileRef = 23F3924D2B31944C006D7033 /* PrivacyInfo.xcprivacy */; };
		23F392B42B31944C006D7033 /* LayoutLinker.swift in Sources */ = {isa = PBXBuildFile; fileRef = 23F3924F2B31944C006D7033 /* LayoutLinker.swift */; };
		23F392B52B31944C006D7033 /* LayoutLinker+Relation.swift in Sources */ = {isa = PBXBuildFile; fileRef = 23F392502B31944C006D7033 /* LayoutLinker+Relation.swift */; };
		23F392B62B31944C006D7033 /* LayoutStateCache.swift in Sources */ = {isa = PBXBuildFile; fileRef = 23F392522B31944C006D7033 /* LayoutStateCache.swift */; };
		23F392B72B31944C006D7033 /* UILayoutGuide+Layout.swift in Sources */ = {isa = PBXBuildFile; fileRef = 23F392542B31944C006D7033 /* UILayoutGuide+Layout.swift */; };
		23F392B82B31944C006D7033 /* UIView+Layout.swift in Sources */ = {isa = PBXBuildFile; fileRef = 23F392552B31944C006D7033 /* UIView+Layout.swift */; };
		23F392B92B31944C006D7033 /* LayoutTargetManager.swift in Sources */ = {isa = PBXBuildFile; fileRef = 23F392572B31944C006D7033 /* LayoutTargetManager.swift */; };
		23F392BA2B31944C006D7033 /* LayoutTargetLinkerManager.swift in Sources */ = {isa = PBXBuildFile; fileRef = 23F392582B31944C006D7033 /* LayoutTargetLinkerManager.swift */; };
		23F392BB2B31944C006D7033 /* LayoutConstraintItem.swift in Sources */ = {isa = PBXBuildFile; fileRef = 23F3925A2B31944C006D7033 /* LayoutConstraintItem.swift */; };
		23F392BE2B31944C006D7033 /* LayoutConstraintAnchorTarget.swift in Sources */ = {isa = PBXBuildFile; fileRef = 23F3925D2B31944C006D7033 /* LayoutConstraintAnchorTarget.swift */; };
		23F392C12B31944C006D7033 /* LayoutConstraintTarget.swift in Sources */ = {isa = PBXBuildFile; fileRef = 23F392602B31944C006D7033 /* LayoutConstraintTarget.swift */; };
		23F392C32B31944C006D7033 /* LayoutConstraint.swift in Sources */ = {isa = PBXBuildFile; fileRef = 23F392622B31944C006D7033 /* LayoutConstraint.swift */; };
		23F392C42B31944C006D7033 /* LayoutFormulaRelator.swift in Sources */ = {isa = PBXBuildFile; fileRef = 23F392642B31944C006D7033 /* LayoutFormulaRelator.swift */; };
		23F392C52B31944C006D7033 /* LayoutFormula.swift in Sources */ = {isa = PBXBuildFile; fileRef = 23F392652B31944C006D7033 /* LayoutFormula.swift */; };
		23F392C62B31944C006D7033 /* LayoutFormula+RelatedPosition.swift in Sources */ = {isa = PBXBuildFile; fileRef = 23F392662B31944C006D7033 /* LayoutFormula+RelatedPosition.swift */; };
		23F392C72B31944C006D7033 /* LayoutFormula+Related.swift in Sources */ = {isa = PBXBuildFile; fileRef = 23F392672B31944C006D7033 /* LayoutFormula+Related.swift */; };
		23F392C82B31944C006D7033 /* LayoutFormula+RelatedSizeList.swift in Sources */ = {isa = PBXBuildFile; fileRef = 23F392682B31944C006D7033 /* LayoutFormula+RelatedSizeList.swift */; };
		23F392CA2B31944C006D7033 /* LayoutFormula+RelatedPositionList.swift in Sources */ = {isa = PBXBuildFile; fileRef = 23F3926A2B31944C006D7033 /* LayoutFormula+RelatedPositionList.swift */; };
		23F392CB2B31944C006D7033 /* LayoutFormula+RelatedSize.swift in Sources */ = {isa = PBXBuildFile; fileRef = 23F3926B2B31944C006D7033 /* LayoutFormula+RelatedSize.swift */; };
		23F392CC2B31944C006D7033 /* LayoutTarget.swift in Sources */ = {isa = PBXBuildFile; fileRef = 23F3926D2B31944C006D7033 /* LayoutTarget.swift */; };
		23F392CD2B31944C006D7033 /* LayoutTarget+Relation.swift in Sources */ = {isa = PBXBuildFile; fileRef = 23F3926E2B31944C006D7033 /* LayoutTarget+Relation.swift */; };
		23F392CE2B31944C006D7033 /* LayoutAnchor.swift in Sources */ = {isa = PBXBuildFile; fileRef = 23F3926F2B31944C006D7033 /* LayoutAnchor.swift */; };
		23F392D12B31944C006D7033 /* LayoutError.swift in Sources */ = {isa = PBXBuildFile; fileRef = 23F392742B31944C006D7033 /* LayoutError.swift */; };
		23F392D22B31944C006D7033 /* LayoutIdentifierValue.swift in Sources */ = {isa = PBXBuildFile; fileRef = 23F392772B31944C006D7033 /* LayoutIdentifierValue.swift */; };
		23F392D32B31944C006D7033 /* LayoutMultiplierValue.swift in Sources */ = {isa = PBXBuildFile; fileRef = 23F392782B31944C006D7033 /* LayoutMultiplierValue.swift */; };
		23F392D42B31944C006D7033 /* LayoutContantSizeValue.swift in Sources */ = {isa = PBXBuildFile; fileRef = 23F392792B31944C006D7033 /* LayoutContantSizeValue.swift */; };
		23F392D52B31944C006D7033 /* LayoutContantOffsetValue.swift in Sources */ = {isa = PBXBuildFile; fileRef = 23F3927A2B31944C006D7033 /* LayoutContantOffsetValue.swift */; };
		23F392D62B31944C006D7033 /* LayoutContantValue.swift in Sources */ = {isa = PBXBuildFile; fileRef = 23F3927B2B31944C006D7033 /* LayoutContantValue.swift */; };
		23F392D72B31944C006D7033 /* LayoutContantEdgeValue.swift in Sources */ = {isa = PBXBuildFile; fileRef = 23F3927C2B31944C006D7033 /* LayoutContantEdgeValue.swift */; };
		23F392D82B31944C006D7033 /* LayoutPriorityValue.swift in Sources */ = {isa = PBXBuildFile; fileRef = 23F3927D2B31944C006D7033 /* LayoutPriorityValue.swift */; };
		23F392D92B31944C006D7033 /* LayoutContantPointValue.swift in Sources */ = {isa = PBXBuildFile; fileRef = 23F3927E2B31944C006D7033 /* LayoutContantPointValue.swift */; };
		23F392DA2B31944C006D7033 /* LayoutManager.swift in Sources */ = {isa = PBXBuildFile; fileRef = 23F392802B31944C006D7033 /* LayoutManager.swift */; };
		23F392DB2B31944C006D7033 /* LayoutManagerViewHierarchy.swift in Sources */ = {isa = PBXBuildFile; fileRef = 23F392812B31944C006D7033 /* LayoutManagerViewHierarchy.swift */; };
		23F392DC2B31944C006D7033 /* LayoutManagerBuild.swift in Sources */ = {isa = PBXBuildFile; fileRef = 23F392822B31944C006D7033 /* LayoutManagerBuild.swift */; };
		23F392DD2B31944C006D7033 /* LayoutItemPosition.swift in Sources */ = {isa = PBXBuildFile; fileRef = 23F392842B31944C006D7033 /* LayoutItemPosition.swift */; };
		23F392DE2B31944C006D7033 /* LayoutItem.swift in Sources */ = {isa = PBXBuildFile; fileRef = 23F392852B31944C006D7033 /* LayoutItem.swift */; };
		23F392DF2B31944C006D7033 /* LayoutItemSize.swift in Sources */ = {isa = PBXBuildFile; fileRef = 23F392862B31944C006D7033 /* LayoutItemSize.swift */; };
		23F392E02B31944C006D7033 /* LayoutFormulaRelation.swift in Sources */ = {isa = PBXBuildFile; fileRef = 23F392892B31944C006D7033 /* LayoutFormulaRelation.swift */; };
		23F392E12B31944C006D7033 /* LayoutSiblingRelation.swift in Sources */ = {isa = PBXBuildFile; fileRef = 23F3928A2B31944C006D7033 /* LayoutSiblingRelation.swift */; };
		23F392E22B31944C006D7033 /* LayoutPositionRelation.swift in Sources */ = {isa = PBXBuildFile; fileRef = 23F3928B2B31944C006D7033 /* LayoutPositionRelation.swift */; };
		23F392E32B31944C006D7033 /* LayoutSizeRelation.swift in Sources */ = {isa = PBXBuildFile; fileRef = 23F3928C2B31944C006D7033 /* LayoutSizeRelation.swift */; };
		23F392E42B31944C006D7033 /* LayoutContantRelation.swift in Sources */ = {isa = PBXBuildFile; fileRef = 23F3928D2B31944C006D7033 /* LayoutContantRelation.swift */; };
		23F392E52B31944C006D7033 /* LayoutRelationship.swift in Sources */ = {isa = PBXBuildFile; fileRef = 23F3928E2B31944C006D7033 /* LayoutRelationship.swift */; };
		23F392E62B31944C006D7033 /* LayoutParentRelation.swift in Sources */ = {isa = PBXBuildFile; fileRef = 23F3928F2B31944C006D7033 /* LayoutParentRelation.swift */; };
		23F392E72B31944C006D7033 /* LayoutSizeParameter.swift in Sources */ = {isa = PBXBuildFile; fileRef = 23F392912B31944C006D7033 /* LayoutSizeParameter.swift */; };
		23F392E82B31944C006D7033 /* LayoutMultiplierParameter.swift in Sources */ = {isa = PBXBuildFile; fileRef = 23F392922B31944C006D7033 /* LayoutMultiplierParameter.swift */; };
		23F392E92B31944C006D7033 /* LayoutActiveParameter.swift in Sources */ = {isa = PBXBuildFile; fileRef = 23F392932B31944C006D7033 /* LayoutActiveParameter.swift */; };
		23F392EA2B31944C006D7033 /* LayoutPositionParameter.swift in Sources */ = {isa = PBXBuildFile; fileRef = 23F392942B31944C006D7033 /* LayoutPositionParameter.swift */; };
		23F392EB2B31944C006D7033 /* LayoutContantParameter.swift in Sources */ = {isa = PBXBuildFile; fileRef = 23F392952B31944C006D7033 /* LayoutContantParameter.swift */; };
		23F392EC2B31944C006D7033 /* LayoutPriorityParameter.swift in Sources */ = {isa = PBXBuildFile; fileRef = 23F392962B31944C006D7033 /* LayoutPriorityParameter.swift */; };
		23F392ED2B31944C006D7033 /* LayoutIdentifierParameter.swift in Sources */ = {isa = PBXBuildFile; fileRef = 23F392972B31944C006D7033 /* LayoutIdentifierParameter.swift */; };
		23F392EE2B31944C006D7033 /* LayoutItemActivable.swift in Sources */ = {isa = PBXBuildFile; fileRef = 23F392992B31944C006D7033 /* LayoutItemActivable.swift */; };
		23F392EF2B31944C006D7033 /* LayoutActivable.swift in Sources */ = {isa = PBXBuildFile; fileRef = 23F3929A2B31944C006D7033 /* LayoutActivable.swift */; };
		23F392F02B31944C006D7033 /* LayoutAnchors.swift in Sources */ = {isa = PBXBuildFile; fileRef = 23F3929C2B31944C006D7033 /* LayoutAnchors.swift */; };
		23F392F12B31944C006D7033 /* LayoutPositionListAnchor.swift in Sources */ = {isa = PBXBuildFile; fileRef = 23F3929D2B31944C006D7033 /* LayoutPositionListAnchor.swift */; };
		23F392F22B31944C006D7033 /* LayoutSizeListAnchor.swift in Sources */ = {isa = PBXBuildFile; fileRef = 23F3929E2B31944C006D7033 /* LayoutSizeListAnchor.swift */; };
		23F392F32B31944C006D7033 /* LayoutSizeAnchor.swift in Sources */ = {isa = PBXBuildFile; fileRef = 23F3929F2B31944C006D7033 /* LayoutSizeAnchor.swift */; };
		23F392F42B31944C006D7033 /* LayoutPositionAnchor.swift in Sources */ = {isa = PBXBuildFile; fileRef = 23F392A02B31944C006D7033 /* LayoutPositionAnchor.swift */; };
		23F392F52B31944C006D7033 /* LayoutTargetProtocol.swift in Sources */ = {isa = PBXBuildFile; fileRef = 23F392A12B31944C006D7033 /* LayoutTargetProtocol.swift */; };
		23F392F62B31944C006D7033 /* LayoutBuilderBuild.swift in Sources */ = {isa = PBXBuildFile; fileRef = 23F392A32B31944C006D7033 /* LayoutBuilderBuild.swift */; };
		23F392F72B31944C006D7033 /* LayoutBuilder.swift in Sources */ = {isa = PBXBuildFile; fileRef = 23F392A42B31944C006D7033 /* LayoutBuilder.swift */; };
		23F392F82B31944C006D7033 /* LayoutBuilderAnchors.swift in Sources */ = {isa = PBXBuildFile; fileRef = 23F392A52B31944C006D7033 /* LayoutBuilderAnchors.swift */; };
		23F392F92B31944C006D7033 /* Yang.h in Headers */ = {isa = PBXBuildFile; fileRef = 23F392A72B31944C006D7033 /* Yang.h */; };
		23F392FA2B31944C006D7033 /* Yang.docc in Sources */ = {isa = PBXBuildFile; fileRef = 23F392A92B31944C006D7033 /* Yang.docc */; };
		23F392FB2B3194C2006D7033 /* YangTests.swift in Sources */ = {isa = PBXBuildFile; fileRef = 23F3923D2B31944C006D7033 /* YangTests.swift */; };
/* End PBXBuildFile section */

/* Begin PBXContainerItemProxy section */
		23F391712B3191C5006D7033 /* PBXContainerItemProxy */ = {
			isa = PBXContainerItemProxy;
			containerPortal = 23F3915C2B3191C5006D7033 /* Project object */;
			proxyType = 1;
			remoteGlobalIDString = 23F391642B3191C5006D7033;
			remoteInfo = Yang;
		};
/* End PBXContainerItemProxy section */

/* Begin PBXFileReference section */
		230B43A22B3686B700436A10 /* LayoutBatchTargetBuilder.swift */ = {isa = PBXFileReference; lastKnownFileType = sourcecode.swift; path = LayoutBatchTargetBuilder.swift; sourceTree = "<group>"; };
		230B43A42B3686C500436A10 /* LayoutBatchLinkerBuilder.swift */ = {isa = PBXFileReference; lastKnownFileType = sourcecode.swift; path = LayoutBatchLinkerBuilder.swift; sourceTree = "<group>"; };
		230B43A62B3686FE00436A10 /* LayoutBatchManager.swift */ = {isa = PBXFileReference; lastKnownFileType = sourcecode.swift; path = LayoutBatchManager.swift; sourceTree = "<group>"; };
		230B43A82B368FC900436A10 /* LayoutConstraintUpdater.swift */ = {isa = PBXFileReference; lastKnownFileType = sourcecode.swift; path = LayoutConstraintUpdater.swift; sourceTree = "<group>"; };
		230B43AA2B36C02700436A10 /* LayoutVoidMaker+Limit.swift */ = {isa = PBXFileReference; lastKnownFileType = sourcecode.swift; path = "LayoutVoidMaker+Limit.swift"; sourceTree = "<group>"; };
		232328422B32DA2E00F1E715 /* LayoutConstraintOffset.swift */ = {isa = PBXFileReference; lastKnownFileType = sourcecode.swift; path = LayoutConstraintOffset.swift; sourceTree = "<group>"; };
		232328442B32DBE600F1E715 /* LayoutConstraintMultiplier.swift */ = {isa = PBXFileReference; lastKnownFileType = sourcecode.swift; path = LayoutConstraintMultiplier.swift; sourceTree = "<group>"; };
		232328462B32DC4400F1E715 /* LayoutConstraintIdentifier.swift */ = {isa = PBXFileReference; lastKnownFileType = sourcecode.swift; path = LayoutConstraintIdentifier.swift; sourceTree = "<group>"; };
		232328482B32DCB800F1E715 /* LayoutConstraintPriority.swift */ = {isa = PBXFileReference; lastKnownFileType = sourcecode.swift; path = LayoutConstraintPriority.swift; sourceTree = "<group>"; };
		2323284A2B32DD6700F1E715 /* LayoutConstraintActive.swift */ = {isa = PBXFileReference; lastKnownFileType = sourcecode.swift; path = LayoutConstraintActive.swift; sourceTree = "<group>"; };
		2323284C2B3305C100F1E715 /* LayoutModifier.swift */ = {isa = PBXFileReference; lastKnownFileType = sourcecode.swift; path = LayoutModifier.swift; sourceTree = "<group>"; };
		2323284E2B33087D00F1E715 /* LayoutConstraintUpdate.swift */ = {isa = PBXFileReference; lastKnownFileType = sourcecode.swift; path = LayoutConstraintUpdate.swift; sourceTree = "<group>"; };
		232328502B330C8800F1E715 /* LayoutConstraintRemake.swift */ = {isa = PBXFileReference; lastKnownFileType = sourcecode.swift; path = LayoutConstraintRemake.swift; sourceTree = "<group>"; };
		232328522B330CB500F1E715 /* LayoutRemakable.swift */ = {isa = PBXFileReference; lastKnownFileType = sourcecode.swift; path = LayoutRemakable.swift; sourceTree = "<group>"; };
		232328572B3339D000F1E715 /* LayoutAnchorTargetProtocol.swift */ = {isa = PBXFileReference; lastKnownFileType = sourcecode.swift; path = LayoutAnchorTargetProtocol.swift; sourceTree = "<group>"; };
		232328592B33409000F1E715 /* LayoutReMaker.swift */ = {isa = PBXFileReference; lastKnownFileType = sourcecode.swift; path = LayoutReMaker.swift; sourceTree = "<group>"; };
		234B28492B32C5E700B93BB6 /* LayoutMaker.swift */ = {isa = PBXFileReference; lastKnownFileType = sourcecode.swift; path = LayoutMaker.swift; sourceTree = "<group>"; };
		234B284B2B32C67D00B93BB6 /* LayoutConstraintProtocol.swift */ = {isa = PBXFileReference; lastKnownFileType = sourcecode.swift; path = LayoutConstraintProtocol.swift; sourceTree = "<group>"; };
		235105BB2B35CE79008631A8 /* LayoutSimpleUpdater.swift */ = {isa = PBXFileReference; lastKnownFileType = sourcecode.swift; path = LayoutSimpleUpdater.swift; sourceTree = "<group>"; };
		237B75492B357E4600E904FB /* LayoutModifier+Limit.swift */ = {isa = PBXFileReference; lastKnownFileType = sourcecode.swift; path = "LayoutModifier+Limit.swift"; sourceTree = "<group>"; };
		237B754B2B357E6F00E904FB /* LayoutMaker+Limit.swift */ = {isa = PBXFileReference; lastKnownFileType = sourcecode.swift; path = "LayoutMaker+Limit.swift"; sourceTree = "<group>"; };
		237B75532B358E9C00E904FB /* LayoutReplacer.swift */ = {isa = PBXFileReference; lastKnownFileType = sourcecode.swift; path = LayoutReplacer.swift; sourceTree = "<group>"; };
		237B75552B358EE100E904FB /* LayoutReplacer+Limit.swift */ = {isa = PBXFileReference; lastKnownFileType = sourcecode.swift; path = "LayoutReplacer+Limit.swift"; sourceTree = "<group>"; };
		237B75582B35B0CD00E904FB /* LayoutMakerProtocol.swift */ = {isa = PBXFileReference; lastKnownFileType = sourcecode.swift; path = LayoutMakerProtocol.swift; sourceTree = "<group>"; };
		237B755A2B35B0EC00E904FB /* LayoutModifierProtocol.swift */ = {isa = PBXFileReference; lastKnownFileType = sourcecode.swift; path = LayoutModifierProtocol.swift; sourceTree = "<group>"; };
		237B755C2B35B11A00E904FB /* LayoutCommonRelationImpl.swift */ = {isa = PBXFileReference; lastKnownFileType = sourcecode.swift; path = LayoutCommonRelationImpl.swift; sourceTree = "<group>"; };
		239DF2832B31958E00960641 /* Package.swift */ = {isa = PBXFileReference; lastKnownFileType = sourcecode.swift; path = Package.swift; sourceTree = SOURCE_ROOT; };
		239DF28F2B31CE7500960641 /* LayoutUpdatable.swift */ = {isa = PBXFileReference; lastKnownFileType = sourcecode.swift; path = LayoutUpdatable.swift; sourceTree = "<group>"; };
		23BBB2652B36C16C00CBADB0 /* LayoutVoidMaker.swift */ = {isa = PBXFileReference; lastKnownFileType = sourcecode.swift; path = LayoutVoidMaker.swift; sourceTree = "<group>"; };
		23BBB2672B36C2F900CBADB0 /* LayoutManagerBatchBuild.swift */ = {isa = PBXFileReference; lastKnownFileType = sourcecode.swift; path = LayoutManagerBatchBuild.swift; sourceTree = "<group>"; };
		23BBB2692B36DD7200CBADB0 /* LayoutBatchTargetUpdater.swift */ = {isa = PBXFileReference; lastKnownFileType = sourcecode.swift; path = LayoutBatchTargetUpdater.swift; sourceTree = "<group>"; };
		23BBB26C2B36E10800CBADB0 /* LayoutLinker+Update.swift */ = {isa = PBXFileReference; lastKnownFileType = sourcecode.swift; path = "LayoutLinker+Update.swift"; sourceTree = "<group>"; };
		23BBB26E2B36E1D400CBADB0 /* LayoutTarget+Update.swift */ = {isa = PBXFileReference; lastKnownFileType = sourcecode.swift; path = "LayoutTarget+Update.swift"; sourceTree = "<group>"; };
		23BBB2702B36E23100CBADB0 /* LayoutBatchLinkUpdater.swift */ = {isa = PBXFileReference; lastKnownFileType = sourcecode.swift; path = LayoutBatchLinkUpdater.swift; sourceTree = "<group>"; };
		23BE2D862B341E7400D7FBC2 /* LayoutLinkerPositionAnchor.swift */ = {isa = PBXFileReference; lastKnownFileType = sourcecode.swift; path = LayoutLinkerPositionAnchor.swift; sourceTree = "<group>"; };
		23BE2D8B2B341FFB00D7FBC2 /* LayoutLinkerPositionListAnchor.swift */ = {isa = PBXFileReference; lastKnownFileType = sourcecode.swift; path = LayoutLinkerPositionListAnchor.swift; sourceTree = "<group>"; };
		23BE2D8D2B3420E700D7FBC2 /* LayoutLinker+Anchor.swift */ = {isa = PBXFileReference; lastKnownFileType = sourcecode.swift; path = "LayoutLinker+Anchor.swift"; sourceTree = "<group>"; };
		23BE2D8F2B3420FE00D7FBC2 /* LayoutLinkerSizeAnchor.swift */ = {isa = PBXFileReference; lastKnownFileType = sourcecode.swift; path = LayoutLinkerSizeAnchor.swift; sourceTree = "<group>"; };
		23BE2D912B34210800D7FBC2 /* LayoutLinkerSizeListAnchor.swift */ = {isa = PBXFileReference; lastKnownFileType = sourcecode.swift; path = LayoutLinkerSizeListAnchor.swift; sourceTree = "<group>"; };
		23BE2D952B3455C700D7FBC2 /* LayoutUpdater.swift */ = {isa = PBXFileReference; lastKnownFileType = sourcecode.swift; path = LayoutUpdater.swift; sourceTree = "<group>"; };
		23BE2D972B34712300D7FBC2 /* LayoutCompressionDict.swift */ = {isa = PBXFileReference; lastKnownFileType = sourcecode.swift; path = LayoutCompressionDict.swift; sourceTree = "<group>"; };
		23F391652B3191C5006D7033 /* Yang.framework */ = {isa = PBXFileReference; explicitFileType = wrapper.framework; includeInIndex = 0; path = Yang.framework; sourceTree = BUILT_PRODUCTS_DIR; };
		23F3916F2B3191C5006D7033 /* YangTests.xctest */ = {isa = PBXFileReference; explicitFileType = wrapper.cfbundle; includeInIndex = 0; path = YangTests.xctest; sourceTree = BUILT_PRODUCTS_DIR; };
		23F3923D2B31944C006D7033 /* YangTests.swift */ = {isa = PBXFileReference; fileEncoding = 4; lastKnownFileType = sourcecode.swift; path = YangTests.swift; sourceTree = "<group>"; };
		23F392412B31944C006D7033 /* LayoutParentMark.swift */ = {isa = PBXFileReference; fileEncoding = 4; lastKnownFileType = sourcecode.swift; path = LayoutParentMark.swift; sourceTree = "<group>"; };
		23F392422B31944C006D7033 /* LayoutSizeMark.swift */ = {isa = PBXFileReference; fileEncoding = 4; lastKnownFileType = sourcecode.swift; path = LayoutSizeMark.swift; sourceTree = "<group>"; };
		23F392432B31944C006D7033 /* LayoutRelationshipMark.swift */ = {isa = PBXFileReference; fileEncoding = 4; lastKnownFileType = sourcecode.swift; path = LayoutRelationshipMark.swift; sourceTree = "<group>"; };
		23F392442B31944C006D7033 /* LayoutSiblingMark.swift */ = {isa = PBXFileReference; fileEncoding = 4; lastKnownFileType = sourcecode.swift; path = LayoutSiblingMark.swift; sourceTree = "<group>"; };
		23F392462B31944C006D7033 /* LayoutRelation.swift */ = {isa = PBXFileReference; fileEncoding = 4; lastKnownFileType = sourcecode.swift; path = LayoutRelation.swift; sourceTree = "<group>"; };
		23F392472B31944C006D7033 /* LayoutPriority.swift */ = {isa = PBXFileReference; fileEncoding = 4; lastKnownFileType = sourcecode.swift; path = LayoutPriority.swift; sourceTree = "<group>"; };
		23F392492B31944C006D7033 /* LayoutTracer.swift */ = {isa = PBXFileReference; fileEncoding = 4; lastKnownFileType = sourcecode.swift; path = LayoutTracer.swift; sourceTree = "<group>"; };
		23F3924B2B31944C006D7033 /* LayoutTypes.swift */ = {isa = PBXFileReference; fileEncoding = 4; lastKnownFileType = sourcecode.swift; path = LayoutTypes.swift; sourceTree = "<group>"; };
		23F3924D2B31944C006D7033 /* PrivacyInfo.xcprivacy */ = {isa = PBXFileReference; fileEncoding = 4; lastKnownFileType = text.xml; path = PrivacyInfo.xcprivacy; sourceTree = "<group>"; };
		23F3924F2B31944C006D7033 /* LayoutLinker.swift */ = {isa = PBXFileReference; fileEncoding = 4; lastKnownFileType = sourcecode.swift; path = LayoutLinker.swift; sourceTree = "<group>"; };
		23F392502B31944C006D7033 /* LayoutLinker+Relation.swift */ = {isa = PBXFileReference; fileEncoding = 4; lastKnownFileType = sourcecode.swift; path = "LayoutLinker+Relation.swift"; sourceTree = "<group>"; };
		23F392522B31944C006D7033 /* LayoutStateCache.swift */ = {isa = PBXFileReference; fileEncoding = 4; lastKnownFileType = sourcecode.swift; path = LayoutStateCache.swift; sourceTree = "<group>"; };
		23F392542B31944C006D7033 /* UILayoutGuide+Layout.swift */ = {isa = PBXFileReference; fileEncoding = 4; lastKnownFileType = sourcecode.swift; path = "UILayoutGuide+Layout.swift"; sourceTree = "<group>"; };
		23F392552B31944C006D7033 /* UIView+Layout.swift */ = {isa = PBXFileReference; fileEncoding = 4; lastKnownFileType = sourcecode.swift; path = "UIView+Layout.swift"; sourceTree = "<group>"; };
		23F392572B31944C006D7033 /* LayoutTargetManager.swift */ = {isa = PBXFileReference; fileEncoding = 4; lastKnownFileType = sourcecode.swift; path = LayoutTargetManager.swift; sourceTree = "<group>"; };
		23F392582B31944C006D7033 /* LayoutTargetLinkerManager.swift */ = {isa = PBXFileReference; fileEncoding = 4; lastKnownFileType = sourcecode.swift; path = LayoutTargetLinkerManager.swift; sourceTree = "<group>"; };
		23F3925A2B31944C006D7033 /* LayoutConstraintItem.swift */ = {isa = PBXFileReference; fileEncoding = 4; lastKnownFileType = sourcecode.swift; path = LayoutConstraintItem.swift; sourceTree = "<group>"; };
		23F3925D2B31944C006D7033 /* LayoutConstraintAnchorTarget.swift */ = {isa = PBXFileReference; fileEncoding = 4; lastKnownFileType = sourcecode.swift; path = LayoutConstraintAnchorTarget.swift; sourceTree = "<group>"; };
		23F392602B31944C006D7033 /* LayoutConstraintTarget.swift */ = {isa = PBXFileReference; fileEncoding = 4; lastKnownFileType = sourcecode.swift; path = LayoutConstraintTarget.swift; sourceTree = "<group>"; };
		23F392622B31944C006D7033 /* LayoutConstraint.swift */ = {isa = PBXFileReference; fileEncoding = 4; lastKnownFileType = sourcecode.swift; path = LayoutConstraint.swift; sourceTree = "<group>"; };
		23F392642B31944C006D7033 /* LayoutFormulaRelator.swift */ = {isa = PBXFileReference; fileEncoding = 4; lastKnownFileType = sourcecode.swift; path = LayoutFormulaRelator.swift; sourceTree = "<group>"; };
		23F392652B31944C006D7033 /* LayoutFormula.swift */ = {isa = PBXFileReference; fileEncoding = 4; lastKnownFileType = sourcecode.swift; path = LayoutFormula.swift; sourceTree = "<group>"; };
		23F392662B31944C006D7033 /* LayoutFormula+RelatedPosition.swift */ = {isa = PBXFileReference; fileEncoding = 4; lastKnownFileType = sourcecode.swift; path = "LayoutFormula+RelatedPosition.swift"; sourceTree = "<group>"; };
		23F392672B31944C006D7033 /* LayoutFormula+Related.swift */ = {isa = PBXFileReference; fileEncoding = 4; lastKnownFileType = sourcecode.swift; path = "LayoutFormula+Related.swift"; sourceTree = "<group>"; };
		23F392682B31944C006D7033 /* LayoutFormula+RelatedSizeList.swift */ = {isa = PBXFileReference; fileEncoding = 4; lastKnownFileType = sourcecode.swift; path = "LayoutFormula+RelatedSizeList.swift"; sourceTree = "<group>"; };
		23F3926A2B31944C006D7033 /* LayoutFormula+RelatedPositionList.swift */ = {isa = PBXFileReference; fileEncoding = 4; lastKnownFileType = sourcecode.swift; path = "LayoutFormula+RelatedPositionList.swift"; sourceTree = "<group>"; };
		23F3926B2B31944C006D7033 /* LayoutFormula+RelatedSize.swift */ = {isa = PBXFileReference; fileEncoding = 4; lastKnownFileType = sourcecode.swift; path = "LayoutFormula+RelatedSize.swift"; sourceTree = "<group>"; };
		23F3926D2B31944C006D7033 /* LayoutTarget.swift */ = {isa = PBXFileReference; fileEncoding = 4; lastKnownFileType = sourcecode.swift; path = LayoutTarget.swift; sourceTree = "<group>"; };
		23F3926E2B31944C006D7033 /* LayoutTarget+Relation.swift */ = {isa = PBXFileReference; fileEncoding = 4; lastKnownFileType = sourcecode.swift; path = "LayoutTarget+Relation.swift"; sourceTree = "<group>"; };
		23F3926F2B31944C006D7033 /* LayoutAnchor.swift */ = {isa = PBXFileReference; fileEncoding = 4; lastKnownFileType = sourcecode.swift; path = LayoutAnchor.swift; sourceTree = "<group>"; };
		23F392742B31944C006D7033 /* LayoutError.swift */ = {isa = PBXFileReference; fileEncoding = 4; lastKnownFileType = sourcecode.swift; path = LayoutError.swift; sourceTree = "<group>"; };
		23F392772B31944C006D7033 /* LayoutIdentifierValue.swift */ = {isa = PBXFileReference; fileEncoding = 4; lastKnownFileType = sourcecode.swift; path = LayoutIdentifierValue.swift; sourceTree = "<group>"; };
		23F392782B31944C006D7033 /* LayoutMultiplierValue.swift */ = {isa = PBXFileReference; fileEncoding = 4; lastKnownFileType = sourcecode.swift; path = LayoutMultiplierValue.swift; sourceTree = "<group>"; };
		23F392792B31944C006D7033 /* LayoutContantSizeValue.swift */ = {isa = PBXFileReference; fileEncoding = 4; lastKnownFileType = sourcecode.swift; path = LayoutContantSizeValue.swift; sourceTree = "<group>"; };
		23F3927A2B31944C006D7033 /* LayoutContantOffsetValue.swift */ = {isa = PBXFileReference; fileEncoding = 4; lastKnownFileType = sourcecode.swift; path = LayoutContantOffsetValue.swift; sourceTree = "<group>"; };
		23F3927B2B31944C006D7033 /* LayoutContantValue.swift */ = {isa = PBXFileReference; fileEncoding = 4; lastKnownFileType = sourcecode.swift; path = LayoutContantValue.swift; sourceTree = "<group>"; };
		23F3927C2B31944C006D7033 /* LayoutContantEdgeValue.swift */ = {isa = PBXFileReference; fileEncoding = 4; lastKnownFileType = sourcecode.swift; path = LayoutContantEdgeValue.swift; sourceTree = "<group>"; };
		23F3927D2B31944C006D7033 /* LayoutPriorityValue.swift */ = {isa = PBXFileReference; fileEncoding = 4; lastKnownFileType = sourcecode.swift; path = LayoutPriorityValue.swift; sourceTree = "<group>"; };
		23F3927E2B31944C006D7033 /* LayoutContantPointValue.swift */ = {isa = PBXFileReference; fileEncoding = 4; lastKnownFileType = sourcecode.swift; path = LayoutContantPointValue.swift; sourceTree = "<group>"; };
		23F392802B31944C006D7033 /* LayoutManager.swift */ = {isa = PBXFileReference; fileEncoding = 4; lastKnownFileType = sourcecode.swift; path = LayoutManager.swift; sourceTree = "<group>"; };
		23F392812B31944C006D7033 /* LayoutManagerViewHierarchy.swift */ = {isa = PBXFileReference; fileEncoding = 4; lastKnownFileType = sourcecode.swift; path = LayoutManagerViewHierarchy.swift; sourceTree = "<group>"; };
		23F392822B31944C006D7033 /* LayoutManagerBuild.swift */ = {isa = PBXFileReference; fileEncoding = 4; lastKnownFileType = sourcecode.swift; path = LayoutManagerBuild.swift; sourceTree = "<group>"; };
		23F392842B31944C006D7033 /* LayoutItemPosition.swift */ = {isa = PBXFileReference; fileEncoding = 4; lastKnownFileType = sourcecode.swift; path = LayoutItemPosition.swift; sourceTree = "<group>"; };
		23F392852B31944C006D7033 /* LayoutItem.swift */ = {isa = PBXFileReference; fileEncoding = 4; lastKnownFileType = sourcecode.swift; path = LayoutItem.swift; sourceTree = "<group>"; };
		23F392862B31944C006D7033 /* LayoutItemSize.swift */ = {isa = PBXFileReference; fileEncoding = 4; lastKnownFileType = sourcecode.swift; path = LayoutItemSize.swift; sourceTree = "<group>"; };
		23F392892B31944C006D7033 /* LayoutFormulaRelation.swift */ = {isa = PBXFileReference; fileEncoding = 4; lastKnownFileType = sourcecode.swift; path = LayoutFormulaRelation.swift; sourceTree = "<group>"; };
		23F3928A2B31944C006D7033 /* LayoutSiblingRelation.swift */ = {isa = PBXFileReference; fileEncoding = 4; lastKnownFileType = sourcecode.swift; path = LayoutSiblingRelation.swift; sourceTree = "<group>"; };
		23F3928B2B31944C006D7033 /* LayoutPositionRelation.swift */ = {isa = PBXFileReference; fileEncoding = 4; lastKnownFileType = sourcecode.swift; path = LayoutPositionRelation.swift; sourceTree = "<group>"; };
		23F3928C2B31944C006D7033 /* LayoutSizeRelation.swift */ = {isa = PBXFileReference; fileEncoding = 4; lastKnownFileType = sourcecode.swift; path = LayoutSizeRelation.swift; sourceTree = "<group>"; };
		23F3928D2B31944C006D7033 /* LayoutContantRelation.swift */ = {isa = PBXFileReference; fileEncoding = 4; lastKnownFileType = sourcecode.swift; path = LayoutContantRelation.swift; sourceTree = "<group>"; };
		23F3928E2B31944C006D7033 /* LayoutRelationship.swift */ = {isa = PBXFileReference; fileEncoding = 4; lastKnownFileType = sourcecode.swift; path = LayoutRelationship.swift; sourceTree = "<group>"; };
		23F3928F2B31944C006D7033 /* LayoutParentRelation.swift */ = {isa = PBXFileReference; fileEncoding = 4; lastKnownFileType = sourcecode.swift; path = LayoutParentRelation.swift; sourceTree = "<group>"; };
		23F392912B31944C006D7033 /* LayoutSizeParameter.swift */ = {isa = PBXFileReference; fileEncoding = 4; lastKnownFileType = sourcecode.swift; path = LayoutSizeParameter.swift; sourceTree = "<group>"; };
		23F392922B31944C006D7033 /* LayoutMultiplierParameter.swift */ = {isa = PBXFileReference; fileEncoding = 4; lastKnownFileType = sourcecode.swift; path = LayoutMultiplierParameter.swift; sourceTree = "<group>"; };
		23F392932B31944C006D7033 /* LayoutActiveParameter.swift */ = {isa = PBXFileReference; fileEncoding = 4; lastKnownFileType = sourcecode.swift; path = LayoutActiveParameter.swift; sourceTree = "<group>"; };
		23F392942B31944C006D7033 /* LayoutPositionParameter.swift */ = {isa = PBXFileReference; fileEncoding = 4; lastKnownFileType = sourcecode.swift; path = LayoutPositionParameter.swift; sourceTree = "<group>"; };
		23F392952B31944C006D7033 /* LayoutContantParameter.swift */ = {isa = PBXFileReference; fileEncoding = 4; lastKnownFileType = sourcecode.swift; path = LayoutContantParameter.swift; sourceTree = "<group>"; };
		23F392962B31944C006D7033 /* LayoutPriorityParameter.swift */ = {isa = PBXFileReference; fileEncoding = 4; lastKnownFileType = sourcecode.swift; path = LayoutPriorityParameter.swift; sourceTree = "<group>"; };
		23F392972B31944C006D7033 /* LayoutIdentifierParameter.swift */ = {isa = PBXFileReference; fileEncoding = 4; lastKnownFileType = sourcecode.swift; path = LayoutIdentifierParameter.swift; sourceTree = "<group>"; };
		23F392992B31944C006D7033 /* LayoutItemActivable.swift */ = {isa = PBXFileReference; fileEncoding = 4; lastKnownFileType = sourcecode.swift; path = LayoutItemActivable.swift; sourceTree = "<group>"; };
		23F3929A2B31944C006D7033 /* LayoutActivable.swift */ = {isa = PBXFileReference; fileEncoding = 4; lastKnownFileType = sourcecode.swift; path = LayoutActivable.swift; sourceTree = "<group>"; };
		23F3929C2B31944C006D7033 /* LayoutAnchors.swift */ = {isa = PBXFileReference; fileEncoding = 4; lastKnownFileType = sourcecode.swift; path = LayoutAnchors.swift; sourceTree = "<group>"; };
		23F3929D2B31944C006D7033 /* LayoutPositionListAnchor.swift */ = {isa = PBXFileReference; fileEncoding = 4; lastKnownFileType = sourcecode.swift; path = LayoutPositionListAnchor.swift; sourceTree = "<group>"; };
		23F3929E2B31944C006D7033 /* LayoutSizeListAnchor.swift */ = {isa = PBXFileReference; fileEncoding = 4; lastKnownFileType = sourcecode.swift; path = LayoutSizeListAnchor.swift; sourceTree = "<group>"; };
		23F3929F2B31944C006D7033 /* LayoutSizeAnchor.swift */ = {isa = PBXFileReference; fileEncoding = 4; lastKnownFileType = sourcecode.swift; path = LayoutSizeAnchor.swift; sourceTree = "<group>"; };
		23F392A02B31944C006D7033 /* LayoutPositionAnchor.swift */ = {isa = PBXFileReference; fileEncoding = 4; lastKnownFileType = sourcecode.swift; path = LayoutPositionAnchor.swift; sourceTree = "<group>"; };
		23F392A12B31944C006D7033 /* LayoutTargetProtocol.swift */ = {isa = PBXFileReference; fileEncoding = 4; lastKnownFileType = sourcecode.swift; path = LayoutTargetProtocol.swift; sourceTree = "<group>"; };
		23F392A32B31944C006D7033 /* LayoutBuilderBuild.swift */ = {isa = PBXFileReference; fileEncoding = 4; lastKnownFileType = sourcecode.swift; path = LayoutBuilderBuild.swift; sourceTree = "<group>"; };
		23F392A42B31944C006D7033 /* LayoutBuilder.swift */ = {isa = PBXFileReference; fileEncoding = 4; lastKnownFileType = sourcecode.swift; path = LayoutBuilder.swift; sourceTree = "<group>"; };
		23F392A52B31944C006D7033 /* LayoutBuilderAnchors.swift */ = {isa = PBXFileReference; fileEncoding = 4; lastKnownFileType = sourcecode.swift; path = LayoutBuilderAnchors.swift; sourceTree = "<group>"; };
		23F392A72B31944C006D7033 /* Yang.h */ = {isa = PBXFileReference; fileEncoding = 4; lastKnownFileType = sourcecode.c.h; path = Yang.h; sourceTree = "<group>"; };
		23F392A92B31944C006D7033 /* Yang.docc */ = {isa = PBXFileReference; lastKnownFileType = folder.documentationcatalog; path = Yang.docc; sourceTree = "<group>"; };
/* End PBXFileReference section */

/* Begin PBXFrameworksBuildPhase section */
		23F391622B3191C5006D7033 /* Frameworks */ = {
			isa = PBXFrameworksBuildPhase;
			buildActionMask = 2147483647;
			files = (
			);
			runOnlyForDeploymentPostprocessing = 0;
		};
		23F3916C2B3191C5006D7033 /* Frameworks */ = {
			isa = PBXFrameworksBuildPhase;
			buildActionMask = 2147483647;
			files = (
				23F391702B3191C5006D7033 /* Yang.framework in Frameworks */,
			);
			runOnlyForDeploymentPostprocessing = 0;
		};
/* End PBXFrameworksBuildPhase section */

/* Begin PBXGroup section */
		232328562B33352A00F1E715 /* Relation Impl */ = {
			isa = PBXGroup;
			children = (
				237B755C2B35B11A00E904FB /* LayoutCommonRelationImpl.swift */,
				23F392672B31944C006D7033 /* LayoutFormula+Related.swift */,
				23F392662B31944C006D7033 /* LayoutFormula+RelatedPosition.swift */,
				23F3926A2B31944C006D7033 /* LayoutFormula+RelatedPositionList.swift */,
				23F3926B2B31944C006D7033 /* LayoutFormula+RelatedSize.swift */,
				23F392682B31944C006D7033 /* LayoutFormula+RelatedSizeList.swift */,
			);
			path = "Relation Impl";
			sourceTree = "<group>";
		};
		237B754D2B357E8700E904FB /* Maker */ = {
			isa = PBXGroup;
			children = (
				234B28492B32C5E700B93BB6 /* LayoutMaker.swift */,
				237B754B2B357E6F00E904FB /* LayoutMaker+Limit.swift */,
				23BBB2652B36C16C00CBADB0 /* LayoutVoidMaker.swift */,
				230B43AA2B36C02700436A10 /* LayoutVoidMaker+Limit.swift */,
				235105BB2B35CE79008631A8 /* LayoutSimpleUpdater.swift */,
			);
			path = Maker;
			sourceTree = "<group>";
		};
		237B75572B35B0B900E904FB /* Maker */ = {
			isa = PBXGroup;
			children = (
				237B75582B35B0CD00E904FB /* LayoutMakerProtocol.swift */,
				237B755A2B35B0EC00E904FB /* LayoutModifierProtocol.swift */,
			);
			path = Maker;
			sourceTree = "<group>";
		};
		239DF2822B31957B00960641 /* Deployment */ = {
			isa = PBXGroup;
			children = (
				239DF2832B31958E00960641 /* Package.swift */,
			);
			path = Deployment;
			sourceTree = "<group>";
		};
		239DF28E2B31CE3C00960641 /* Update */ = {
			isa = PBXGroup;
			children = (
				239DF28F2B31CE7500960641 /* LayoutUpdatable.swift */,
				232328522B330CB500F1E715 /* LayoutRemakable.swift */,
			);
			path = Update;
			sourceTree = "<group>";
		};
		23BE2D7F2B3404CF00D7FBC2 /* Modifier */ = {
			isa = PBXGroup;
			children = (
				2323284C2B3305C100F1E715 /* LayoutModifier.swift */,
				237B75492B357E4600E904FB /* LayoutModifier+Limit.swift */,
				23BE2D952B3455C700D7FBC2 /* LayoutUpdater.swift */,
				237B75532B358E9C00E904FB /* LayoutReplacer.swift */,
				237B75552B358EE100E904FB /* LayoutReplacer+Limit.swift */,
				232328592B33409000F1E715 /* LayoutReMaker.swift */,
				23BE2D972B34712300D7FBC2 /* LayoutCompressionDict.swift */,
				230B43A82B368FC900436A10 /* LayoutConstraintUpdater.swift */,
			);
			path = Modifier;
			sourceTree = "<group>";
		};
		23BE2D852B341E5200D7FBC2 /* Linker Anchor */ = {
			isa = PBXGroup;
			children = (
				23BE2D862B341E7400D7FBC2 /* LayoutLinkerPositionAnchor.swift */,
				23BE2D8B2B341FFB00D7FBC2 /* LayoutLinkerPositionListAnchor.swift */,
				23BE2D8F2B3420FE00D7FBC2 /* LayoutLinkerSizeAnchor.swift */,
				23BE2D912B34210800D7FBC2 /* LayoutLinkerSizeListAnchor.swift */,
			);
			path = "Linker Anchor";
			sourceTree = "<group>";
		};
		23BE2D882B341F0800D7FBC2 /* Target */ = {
			isa = PBXGroup;
			children = (
				23F392A12B31944C006D7033 /* LayoutTargetProtocol.swift */,
				232328572B3339D000F1E715 /* LayoutAnchorTargetProtocol.swift */,
			);
			path = Target;
			sourceTree = "<group>";
		};
		23F3915B2B3191C5006D7033 = {
			isa = PBXGroup;
			children = (
				239DF2822B31957B00960641 /* Deployment */,
				23F392A82B31944C006D7033 /* Documentation */,
				23F392A62B31944C006D7033 /* Supporting Files */,
				23F3923E2B31944C006D7033 /* Sources */,
				23F3923C2B31944C006D7033 /* Tests */,
				23F391662B3191C5006D7033 /* Products */,
			);
			sourceTree = "<group>";
		};
		23F391662B3191C5006D7033 /* Products */ = {
			isa = PBXGroup;
			children = (
				23F391652B3191C5006D7033 /* Yang.framework */,
				23F3916F2B3191C5006D7033 /* YangTests.xctest */,
			);
			name = Products;
			sourceTree = "<group>";
		};
		23F3923C2B31944C006D7033 /* Tests */ = {
			isa = PBXGroup;
			children = (
				23F3923D2B31944C006D7033 /* YangTests.swift */,
			);
			path = Tests;
			sourceTree = "<group>";
		};
		23F3923E2B31944C006D7033 /* Sources */ = {
			isa = PBXGroup;
			children = (
				23F3924C2B31944C006D7033 /* Privacy */,
				23F392732B31944C006D7033 /* Error */,
				23F3924A2B31944C006D7033 /* Types */,
				23F392532B31944C006D7033 /* Extensions */,
				23F3923F2B31944C006D7033 /* Contants */,
				23F392752B31944C006D7033 /* Protocols */,
				23F392482B31944C006D7033 /* Tracer */,
				23F392512B31944C006D7033 /* State Cache */,
				23F3926C2B31944C006D7033 /* Anchor */,
				23F3924E2B31944C006D7033 /* Linker */,
				23F392632B31944C006D7033 /* Formula */,
				23F392592B31944C006D7033 /* Constraint */,
				237B754D2B357E8700E904FB /* Maker */,
				23BE2D7F2B3404CF00D7FBC2 /* Modifier */,
				23F392702B31944C006D7033 /* Builder */,
				23F392562B31944C006D7033 /* Manager */,
			);
			path = Sources;
			sourceTree = "<group>";
		};
		23F3923F2B31944C006D7033 /* Contants */ = {
			isa = PBXGroup;
			children = (
				23F392402B31944C006D7033 /* Mark */,
				23F392452B31944C006D7033 /* Formula */,
			);
			path = Contants;
			sourceTree = "<group>";
		};
		23F392402B31944C006D7033 /* Mark */ = {
			isa = PBXGroup;
			children = (
				23F392412B31944C006D7033 /* LayoutParentMark.swift */,
				23F392422B31944C006D7033 /* LayoutSizeMark.swift */,
				23F392432B31944C006D7033 /* LayoutRelationshipMark.swift */,
				23F392442B31944C006D7033 /* LayoutSiblingMark.swift */,
			);
			path = Mark;
			sourceTree = "<group>";
		};
		23F392452B31944C006D7033 /* Formula */ = {
			isa = PBXGroup;
			children = (
				23F392462B31944C006D7033 /* LayoutRelation.swift */,
				23F392472B31944C006D7033 /* LayoutPriority.swift */,
			);
			path = Formula;
			sourceTree = "<group>";
		};
		23F392482B31944C006D7033 /* Tracer */ = {
			isa = PBXGroup;
			children = (
				23F392492B31944C006D7033 /* LayoutTracer.swift */,
			);
			path = Tracer;
			sourceTree = "<group>";
		};
		23F3924A2B31944C006D7033 /* Types */ = {
			isa = PBXGroup;
			children = (
				23F3924B2B31944C006D7033 /* LayoutTypes.swift */,
			);
			path = Types;
			sourceTree = "<group>";
		};
		23F3924C2B31944C006D7033 /* Privacy */ = {
			isa = PBXGroup;
			children = (
				23F3924D2B31944C006D7033 /* PrivacyInfo.xcprivacy */,
			);
			path = Privacy;
			sourceTree = "<group>";
		};
		23F3924E2B31944C006D7033 /* Linker */ = {
			isa = PBXGroup;
			children = (
				23F3924F2B31944C006D7033 /* LayoutLinker.swift */,
				23BE2D8D2B3420E700D7FBC2 /* LayoutLinker+Anchor.swift */,
				23F392502B31944C006D7033 /* LayoutLinker+Relation.swift */,
				23BBB26C2B36E10800CBADB0 /* LayoutLinker+Update.swift */,
			);
			path = Linker;
			sourceTree = "<group>";
		};
		23F392512B31944C006D7033 /* State Cache */ = {
			isa = PBXGroup;
			children = (
				23F392522B31944C006D7033 /* LayoutStateCache.swift */,
			);
			path = "State Cache";
			sourceTree = "<group>";
		};
		23F392532B31944C006D7033 /* Extensions */ = {
			isa = PBXGroup;
			children = (
				23F392552B31944C006D7033 /* UIView+Layout.swift */,
				23F392542B31944C006D7033 /* UILayoutGuide+Layout.swift */,
			);
			path = Extensions;
			sourceTree = "<group>";
		};
		23F392562B31944C006D7033 /* Manager */ = {
			isa = PBXGroup;
			children = (
				23F392572B31944C006D7033 /* LayoutTargetManager.swift */,
				23F392582B31944C006D7033 /* LayoutTargetLinkerManager.swift */,
				230B43A62B3686FE00436A10 /* LayoutBatchManager.swift */,
			);
			path = Manager;
			sourceTree = "<group>";
		};
		23F392592B31944C006D7033 /* Constraint */ = {
			isa = PBXGroup;
			children = (
				23F392622B31944C006D7033 /* LayoutConstraint.swift */,
				23F392602B31944C006D7033 /* LayoutConstraintTarget.swift */,
				23F3925D2B31944C006D7033 /* LayoutConstraintAnchorTarget.swift */,
				23F3925A2B31944C006D7033 /* LayoutConstraintItem.swift */,
			);
			path = Constraint;
			sourceTree = "<group>";
		};
		23F392632B31944C006D7033 /* Formula */ = {
			isa = PBXGroup;
			children = (
				23F392652B31944C006D7033 /* LayoutFormula.swift */,
				23F392642B31944C006D7033 /* LayoutFormulaRelator.swift */,
			);
			path = Formula;
			sourceTree = "<group>";
		};
		23F3926C2B31944C006D7033 /* Anchor */ = {
			isa = PBXGroup;
			children = (
				23F3926F2B31944C006D7033 /* LayoutAnchor.swift */,
				23F3926D2B31944C006D7033 /* LayoutTarget.swift */,
				23F3926E2B31944C006D7033 /* LayoutTarget+Relation.swift */,
				23BBB26E2B36E1D400CBADB0 /* LayoutTarget+Update.swift */,
			);
			path = Anchor;
			sourceTree = "<group>";
		};
		23F392702B31944C006D7033 /* Builder */ = {
			isa = PBXGroup;
			children = (
				230B43A22B3686B700436A10 /* LayoutBatchTargetBuilder.swift */,
				230B43A42B3686C500436A10 /* LayoutBatchLinkerBuilder.swift */,
				23BBB2692B36DD7200CBADB0 /* LayoutBatchTargetUpdater.swift */,
				23BBB2702B36E23100CBADB0 /* LayoutBatchLinkUpdater.swift */,
			);
			path = Builder;
			sourceTree = "<group>";
		};
		23F392732B31944C006D7033 /* Error */ = {
			isa = PBXGroup;
			children = (
				23F392742B31944C006D7033 /* LayoutError.swift */,
			);
			path = Error;
			sourceTree = "<group>";
		};
		23F392752B31944C006D7033 /* Protocols */ = {
			isa = PBXGroup;
			children = (
				23F392762B31944C006D7033 /* Value */,
				23F392982B31944C006D7033 /* Activable */,
				239DF28E2B31CE3C00960641 /* Update */,
				23F392832B31944C006D7033 /* Constraint */,
				23F392872B31944C006D7033 /* Formula */,
				23BE2D882B341F0800D7FBC2 /* Target */,
				23F3929B2B31944C006D7033 /* Anchor */,
				23BE2D852B341E5200D7FBC2 /* Linker Anchor */,
				237B75572B35B0B900E904FB /* Maker */,
				23F392A22B31944C006D7033 /* Builder */,
				23F3927F2B31944C006D7033 /* Manager */,
			);
			path = Protocols;
			sourceTree = "<group>";
		};
		23F392762B31944C006D7033 /* Value */ = {
			isa = PBXGroup;
			children = (
				23F392772B31944C006D7033 /* LayoutIdentifierValue.swift */,
				23F392782B31944C006D7033 /* LayoutMultiplierValue.swift */,
				23F392792B31944C006D7033 /* LayoutContantSizeValue.swift */,
				23F3927A2B31944C006D7033 /* LayoutContantOffsetValue.swift */,
				23F3927B2B31944C006D7033 /* LayoutContantValue.swift */,
				23F3927C2B31944C006D7033 /* LayoutContantEdgeValue.swift */,
				23F3927D2B31944C006D7033 /* LayoutPriorityValue.swift */,
				23F3927E2B31944C006D7033 /* LayoutContantPointValue.swift */,
			);
			path = Value;
			sourceTree = "<group>";
		};
		23F3927F2B31944C006D7033 /* Manager */ = {
			isa = PBXGroup;
			children = (
				23F392802B31944C006D7033 /* LayoutManager.swift */,
				23F392812B31944C006D7033 /* LayoutManagerViewHierarchy.swift */,
				23F392822B31944C006D7033 /* LayoutManagerBuild.swift */,
				23BBB2672B36C2F900CBADB0 /* LayoutManagerBatchBuild.swift */,
			);
			path = Manager;
			sourceTree = "<group>";
		};
		23F392832B31944C006D7033 /* Constraint */ = {
			isa = PBXGroup;
			children = (
				23F392852B31944C006D7033 /* LayoutItem.swift */,
				23F392842B31944C006D7033 /* LayoutItemPosition.swift */,
				23F392862B31944C006D7033 /* LayoutItemSize.swift */,
				234B284B2B32C67D00B93BB6 /* LayoutConstraintProtocol.swift */,
				232328422B32DA2E00F1E715 /* LayoutConstraintOffset.swift */,
				232328442B32DBE600F1E715 /* LayoutConstraintMultiplier.swift */,
				232328462B32DC4400F1E715 /* LayoutConstraintIdentifier.swift */,
				232328482B32DCB800F1E715 /* LayoutConstraintPriority.swift */,
				2323284A2B32DD6700F1E715 /* LayoutConstraintActive.swift */,
				2323284E2B33087D00F1E715 /* LayoutConstraintUpdate.swift */,
				232328502B330C8800F1E715 /* LayoutConstraintRemake.swift */,
			);
			path = Constraint;
			sourceTree = "<group>";
		};
		23F392872B31944C006D7033 /* Formula */ = {
			isa = PBXGroup;
			children = (
				23F392882B31944C006D7033 /* Relation */,
				232328562B33352A00F1E715 /* Relation Impl */,
				23F392902B31944C006D7033 /* Expression Parameters */,
			);
			path = Formula;
			sourceTree = "<group>";
		};
		23F392882B31944C006D7033 /* Relation */ = {
			isa = PBXGroup;
			children = (
				23F392892B31944C006D7033 /* LayoutFormulaRelation.swift */,
				23F3928A2B31944C006D7033 /* LayoutSiblingRelation.swift */,
				23F3928B2B31944C006D7033 /* LayoutPositionRelation.swift */,
				23F3928C2B31944C006D7033 /* LayoutSizeRelation.swift */,
				23F3928D2B31944C006D7033 /* LayoutContantRelation.swift */,
				23F3928E2B31944C006D7033 /* LayoutRelationship.swift */,
				23F3928F2B31944C006D7033 /* LayoutParentRelation.swift */,
			);
			path = Relation;
			sourceTree = "<group>";
		};
		23F392902B31944C006D7033 /* Expression Parameters */ = {
			isa = PBXGroup;
			children = (
				23F392912B31944C006D7033 /* LayoutSizeParameter.swift */,
				23F392922B31944C006D7033 /* LayoutMultiplierParameter.swift */,
				23F392932B31944C006D7033 /* LayoutActiveParameter.swift */,
				23F392942B31944C006D7033 /* LayoutPositionParameter.swift */,
				23F392952B31944C006D7033 /* LayoutContantParameter.swift */,
				23F392962B31944C006D7033 /* LayoutPriorityParameter.swift */,
				23F392972B31944C006D7033 /* LayoutIdentifierParameter.swift */,
			);
			path = "Expression Parameters";
			sourceTree = "<group>";
		};
		23F392982B31944C006D7033 /* Activable */ = {
			isa = PBXGroup;
			children = (
				23F392992B31944C006D7033 /* LayoutItemActivable.swift */,
				23F3929A2B31944C006D7033 /* LayoutActivable.swift */,
			);
			path = Activable;
			sourceTree = "<group>";
		};
		23F3929B2B31944C006D7033 /* Anchor */ = {
			isa = PBXGroup;
			children = (
				23F3929C2B31944C006D7033 /* LayoutAnchors.swift */,
				23F392A02B31944C006D7033 /* LayoutPositionAnchor.swift */,
				23F3929D2B31944C006D7033 /* LayoutPositionListAnchor.swift */,
				23F3929F2B31944C006D7033 /* LayoutSizeAnchor.swift */,
				23F3929E2B31944C006D7033 /* LayoutSizeListAnchor.swift */,
			);
			path = Anchor;
			sourceTree = "<group>";
		};
		23F392A22B31944C006D7033 /* Builder */ = {
			isa = PBXGroup;
			children = (
				23F392A32B31944C006D7033 /* LayoutBuilderBuild.swift */,
				23F392A42B31944C006D7033 /* LayoutBuilder.swift */,
				23F392A52B31944C006D7033 /* LayoutBuilderAnchors.swift */,
			);
			path = Builder;
			sourceTree = "<group>";
		};
		23F392A62B31944C006D7033 /* Supporting Files */ = {
			isa = PBXGroup;
			children = (
				23F392A72B31944C006D7033 /* Yang.h */,
			);
			path = "Supporting Files";
			sourceTree = "<group>";
		};
		23F392A82B31944C006D7033 /* Documentation */ = {
			isa = PBXGroup;
			children = (
				23F392A92B31944C006D7033 /* Yang.docc */,
			);
			path = Documentation;
			sourceTree = "<group>";
		};
/* End PBXGroup section */

/* Begin PBXHeadersBuildPhase section */
		23F391602B3191C5006D7033 /* Headers */ = {
			isa = PBXHeadersBuildPhase;
			buildActionMask = 2147483647;
			files = (
				23F392F92B31944C006D7033 /* Yang.h in Headers */,
			);
			runOnlyForDeploymentPostprocessing = 0;
		};
/* End PBXHeadersBuildPhase section */

/* Begin PBXNativeTarget section */
		23F391642B3191C5006D7033 /* Yang */ = {
			isa = PBXNativeTarget;
			buildConfigurationList = 23F391792B3191C5006D7033 /* Build configuration list for PBXNativeTarget "Yang" */;
			buildPhases = (
				23F391602B3191C5006D7033 /* Headers */,
				23F391612B3191C5006D7033 /* Sources */,
				23F391622B3191C5006D7033 /* Frameworks */,
				23F391632B3191C5006D7033 /* Resources */,
			);
			buildRules = (
			);
			dependencies = (
			);
			name = Yang;
			productName = Yang;
			productReference = 23F391652B3191C5006D7033 /* Yang.framework */;
			productType = "com.apple.product-type.framework";
		};
		23F3916E2B3191C5006D7033 /* YangTests */ = {
			isa = PBXNativeTarget;
			buildConfigurationList = 23F3917C2B3191C5006D7033 /* Build configuration list for PBXNativeTarget "YangTests" */;
			buildPhases = (
				23F3916B2B3191C5006D7033 /* Sources */,
				23F3916C2B3191C5006D7033 /* Frameworks */,
				23F3916D2B3191C5006D7033 /* Resources */,
			);
			buildRules = (
			);
			dependencies = (
				23F391722B3191C5006D7033 /* PBXTargetDependency */,
			);
			name = YangTests;
			productName = YangTests;
			productReference = 23F3916F2B3191C5006D7033 /* YangTests.xctest */;
			productType = "com.apple.product-type.bundle.unit-test";
		};
/* End PBXNativeTarget section */

/* Begin PBXProject section */
		23F3915C2B3191C5006D7033 /* Project object */ = {
			isa = PBXProject;
			attributes = {
				BuildIndependentTargetsInParallel = 1;
				LastSwiftUpdateCheck = 1510;
				LastUpgradeCheck = 1510;
				TargetAttributes = {
					23F391642B3191C5006D7033 = {
						CreatedOnToolsVersion = 15.1;
					};
					23F3916E2B3191C5006D7033 = {
						CreatedOnToolsVersion = 15.1;
					};
				};
			};
			buildConfigurationList = 23F3915F2B3191C5006D7033 /* Build configuration list for PBXProject "Yang" */;
			compatibilityVersion = "Xcode 14.0";
			developmentRegion = en;
			hasScannedForEncodings = 0;
			knownRegions = (
				en,
				Base,
			);
			mainGroup = 23F3915B2B3191C5006D7033;
			productRefGroup = 23F391662B3191C5006D7033 /* Products */;
			projectDirPath = "";
			projectRoot = "";
			targets = (
				23F391642B3191C5006D7033 /* Yang */,
				23F3916E2B3191C5006D7033 /* YangTests */,
			);
		};
/* End PBXProject section */

/* Begin PBXResourcesBuildPhase section */
		23F391632B3191C5006D7033 /* Resources */ = {
			isa = PBXResourcesBuildPhase;
			buildActionMask = 2147483647;
			files = (
				23F392B32B31944C006D7033 /* PrivacyInfo.xcprivacy in Resources */,
			);
			runOnlyForDeploymentPostprocessing = 0;
		};
		23F3916D2B3191C5006D7033 /* Resources */ = {
			isa = PBXResourcesBuildPhase;
			buildActionMask = 2147483647;
			files = (
			);
			runOnlyForDeploymentPostprocessing = 0;
		};
/* End PBXResourcesBuildPhase section */

/* Begin PBXSourcesBuildPhase section */
		23F391612B3191C5006D7033 /* Sources */ = {
			isa = PBXSourcesBuildPhase;
			buildActionMask = 2147483647;
			files = (
				23BE2D872B341E7400D7FBC2 /* LayoutLinkerPositionAnchor.swift in Sources */,
				23F392C32B31944C006D7033 /* LayoutConstraint.swift in Sources */,
				23F392EF2B31944C006D7033 /* LayoutActivable.swift in Sources */,
				23BBB2682B36C2F900CBADB0 /* LayoutManagerBatchBuild.swift in Sources */,
				232328582B3339D000F1E715 /* LayoutAnchorTargetProtocol.swift in Sources */,
				23F392F72B31944C006D7033 /* LayoutBuilder.swift in Sources */,
				23BE2D8C2B341FFB00D7FBC2 /* LayoutLinkerPositionListAnchor.swift in Sources */,
				237B75542B358E9C00E904FB /* LayoutReplacer.swift in Sources */,
				23F392D32B31944C006D7033 /* LayoutMultiplierValue.swift in Sources */,
				23F392B02B31944C006D7033 /* LayoutPriority.swift in Sources */,
				23F392F22B31944C006D7033 /* LayoutSizeListAnchor.swift in Sources */,
				237B755D2B35B11A00E904FB /* LayoutCommonRelationImpl.swift in Sources */,
				230B43A32B3686B700436A10 /* LayoutBatchTargetBuilder.swift in Sources */,
				23F392AE2B31944C006D7033 /* LayoutSiblingMark.swift in Sources */,
				23F392D22B31944C006D7033 /* LayoutIdentifierValue.swift in Sources */,
				23BE2D8E2B3420E700D7FBC2 /* LayoutLinker+Anchor.swift in Sources */,
				234B284A2B32C5E700B93BB6 /* LayoutMaker.swift in Sources */,
				232328472B32DC4400F1E715 /* LayoutConstraintIdentifier.swift in Sources */,
				23F392F62B31944C006D7033 /* LayoutBuilderBuild.swift in Sources */,
				23F392F12B31944C006D7033 /* LayoutPositionListAnchor.swift in Sources */,
				23F392D72B31944C006D7033 /* LayoutContantEdgeValue.swift in Sources */,
				2323284B2B32DD6700F1E715 /* LayoutConstraintActive.swift in Sources */,
				23F392B42B31944C006D7033 /* LayoutLinker.swift in Sources */,
				23F392D52B31944C006D7033 /* LayoutContantOffsetValue.swift in Sources */,
				23BBB2662B36C16C00CBADB0 /* LayoutVoidMaker.swift in Sources */,
				237B754A2B357E4600E904FB /* LayoutModifier+Limit.swift in Sources */,
				23F392E12B31944C006D7033 /* LayoutSiblingRelation.swift in Sources */,
				23F392D82B31944C006D7033 /* LayoutPriorityValue.swift in Sources */,
				23F392DC2B31944C006D7033 /* LayoutManagerBuild.swift in Sources */,
				23F392D12B31944C006D7033 /* LayoutError.swift in Sources */,
				23F392E52B31944C006D7033 /* LayoutRelationship.swift in Sources */,
				23F392C72B31944C006D7033 /* LayoutFormula+Related.swift in Sources */,
				23F392E92B31944C006D7033 /* LayoutActiveParameter.swift in Sources */,
				23F392AC2B31944C006D7033 /* LayoutSizeMark.swift in Sources */,
				23F392B62B31944C006D7033 /* LayoutStateCache.swift in Sources */,
				237B75592B35B0CD00E904FB /* LayoutMakerProtocol.swift in Sources */,
				23F392B72B31944C006D7033 /* UILayoutGuide+Layout.swift in Sources */,
				23F392C52B31944C006D7033 /* LayoutFormula.swift in Sources */,
				237B754C2B357E6F00E904FB /* LayoutMaker+Limit.swift in Sources */,
				230B43AB2B36C02700436A10 /* LayoutVoidMaker+Limit.swift in Sources */,
				237B75562B358EE100E904FB /* LayoutReplacer+Limit.swift in Sources */,
				23F392B22B31944C006D7033 /* LayoutTypes.swift in Sources */,
				23F392FA2B31944C006D7033 /* Yang.docc in Sources */,
				23F392C42B31944C006D7033 /* LayoutFormulaRelator.swift in Sources */,
				23F392EC2B31944C006D7033 /* LayoutPriorityParameter.swift in Sources */,
				23F392F42B31944C006D7033 /* LayoutPositionAnchor.swift in Sources */,
				23F392ED2B31944C006D7033 /* LayoutIdentifierParameter.swift in Sources */,
				23F392AB2B31944C006D7033 /* LayoutParentMark.swift in Sources */,
				23F392DA2B31944C006D7033 /* LayoutManager.swift in Sources */,
				235105BC2B35CE79008631A8 /* LayoutSimpleUpdater.swift in Sources */,
				23F392E62B31944C006D7033 /* LayoutParentRelation.swift in Sources */,
				23F392D62B31944C006D7033 /* LayoutContantValue.swift in Sources */,
				23F392F32B31944C006D7033 /* LayoutSizeAnchor.swift in Sources */,
				23F392CB2B31944C006D7033 /* LayoutFormula+RelatedSize.swift in Sources */,
				23F392E32B31944C006D7033 /* LayoutSizeRelation.swift in Sources */,
				23F392DE2B31944C006D7033 /* LayoutItem.swift in Sources */,
				23BE2D902B3420FE00D7FBC2 /* LayoutLinkerSizeAnchor.swift in Sources */,
				23F392BB2B31944C006D7033 /* LayoutConstraintItem.swift in Sources */,
				23F392E02B31944C006D7033 /* LayoutFormulaRelation.swift in Sources */,
				23BE2D922B34210800D7FBC2 /* LayoutLinkerSizeListAnchor.swift in Sources */,
				23BE2D982B34712300D7FBC2 /* LayoutCompressionDict.swift in Sources */,
				23F392B12B31944C006D7033 /* LayoutTracer.swift in Sources */,
				23F392AD2B31944C006D7033 /* LayoutRelationshipMark.swift in Sources */,
				230B43A52B3686C500436A10 /* LayoutBatchLinkerBuilder.swift in Sources */,
				23F392EE2B31944C006D7033 /* LayoutItemActivable.swift in Sources */,
				23F392CC2B31944C006D7033 /* LayoutTarget.swift in Sources */,
				23BBB2712B36E23100CBADB0 /* LayoutBatchLinkUpdater.swift in Sources */,
				23F392D42B31944C006D7033 /* LayoutContantSizeValue.swift in Sources */,
				23F392CA2B31944C006D7033 /* LayoutFormula+RelatedPositionList.swift in Sources */,
				23F392F52B31944C006D7033 /* LayoutTargetProtocol.swift in Sources */,
				23F392DD2B31944C006D7033 /* LayoutItemPosition.swift in Sources */,
				23F392CE2B31944C006D7033 /* LayoutAnchor.swift in Sources */,
				23F392B52B31944C006D7033 /* LayoutLinker+Relation.swift in Sources */,
				23BE2D962B3455C700D7FBC2 /* LayoutUpdater.swift in Sources */,
				23F392EA2B31944C006D7033 /* LayoutPositionParameter.swift in Sources */,
				232328452B32DBE600F1E715 /* LayoutConstraintMultiplier.swift in Sources */,
				23F392EB2B31944C006D7033 /* LayoutContantParameter.swift in Sources */,
				239DF2902B31CE7500960641 /* LayoutUpdatable.swift in Sources */,
				23F392B82B31944C006D7033 /* UIView+Layout.swift in Sources */,
				23BBB26F2B36E1D400CBADB0 /* LayoutTarget+Update.swift in Sources */,
				23F392C12B31944C006D7033 /* LayoutConstraintTarget.swift in Sources */,
				234B284C2B32C67D00B93BB6 /* LayoutConstraintProtocol.swift in Sources */,
				232328532B330CB500F1E715 /* LayoutRemakable.swift in Sources */,
				23F392F82B31944C006D7033 /* LayoutBuilderAnchors.swift in Sources */,
				237B755B2B35B0EC00E904FB /* LayoutModifierProtocol.swift in Sources */,
				232328492B32DCB800F1E715 /* LayoutConstraintPriority.swift in Sources */,
				2323285A2B33409000F1E715 /* LayoutReMaker.swift in Sources */,
				23F392CD2B31944C006D7033 /* LayoutTarget+Relation.swift in Sources */,
				23F392E72B31944C006D7033 /* LayoutSizeParameter.swift in Sources */,
				23F392C82B31944C006D7033 /* LayoutFormula+RelatedSizeList.swift in Sources */,
				23F392B92B31944C006D7033 /* LayoutTargetManager.swift in Sources */,
				2323284D2B3305C100F1E715 /* LayoutModifier.swift in Sources */,
				23F392C62B31944C006D7033 /* LayoutFormula+RelatedPosition.swift in Sources */,
				23F392E22B31944C006D7033 /* LayoutPositionRelation.swift in Sources */,
				23F392AF2B31944C006D7033 /* LayoutRelation.swift in Sources */,
				232328512B330C8800F1E715 /* LayoutConstraintRemake.swift in Sources */,
				23F392D92B31944C006D7033 /* LayoutContantPointValue.swift in Sources */,
				23F392F02B31944C006D7033 /* LayoutAnchors.swift in Sources */,
				23BBB26D2B36E10800CBADB0 /* LayoutLinker+Update.swift in Sources */,
				230B43A92B368FC900436A10 /* LayoutConstraintUpdater.swift in Sources */,
				232328432B32DA2E00F1E715 /* LayoutConstraintOffset.swift in Sources */,
				2323284F2B33087D00F1E715 /* LayoutConstraintUpdate.swift in Sources */,
				23BBB26A2B36DD7200CBADB0 /* LayoutBatchTargetUpdater.swift in Sources */,
				23F392DB2B31944C006D7033 /* LayoutManagerViewHierarchy.swift in Sources */,
				23F392E82B31944C006D7033 /* LayoutMultiplierParameter.swift in Sources */,
				23F392BE2B31944C006D7033 /* LayoutConstraintAnchorTarget.swift in Sources */,
				23F392BA2B31944C006D7033 /* LayoutTargetLinkerManager.swift in Sources */,
				23F392DF2B31944C006D7033 /* LayoutItemSize.swift in Sources */,
				230B43A72B3686FE00436A10 /* LayoutBatchManager.swift in Sources */,
				23F392E42B31944C006D7033 /* LayoutContantRelation.swift in Sources */,
			);
			runOnlyForDeploymentPostprocessing = 0;
		};
		23F3916B2B3191C5006D7033 /* Sources */ = {
			isa = PBXSourcesBuildPhase;
			buildActionMask = 2147483647;
			files = (
				23F392FB2B3194C2006D7033 /* YangTests.swift in Sources */,
			);
			runOnlyForDeploymentPostprocessing = 0;
		};
/* End PBXSourcesBuildPhase section */

/* Begin PBXTargetDependency section */
		23F391722B3191C5006D7033 /* PBXTargetDependency */ = {
			isa = PBXTargetDependency;
			target = 23F391642B3191C5006D7033 /* Yang */;
			targetProxy = 23F391712B3191C5006D7033 /* PBXContainerItemProxy */;
		};
/* End PBXTargetDependency section */

/* Begin XCBuildConfiguration section */
		23F391772B3191C5006D7033 /* Debug */ = {
			isa = XCBuildConfiguration;
			buildSettings = {
				ALWAYS_SEARCH_USER_PATHS = NO;
				ASSETCATALOG_COMPILER_GENERATE_SWIFT_ASSET_SYMBOL_EXTENSIONS = YES;
				CLANG_ANALYZER_NONNULL = YES;
				CLANG_ANALYZER_NUMBER_OBJECT_CONVERSION = YES_AGGRESSIVE;
				CLANG_CXX_LANGUAGE_STANDARD = "gnu++20";
				CLANG_ENABLE_MODULES = YES;
				CLANG_ENABLE_OBJC_ARC = YES;
				CLANG_ENABLE_OBJC_WEAK = YES;
				CLANG_WARN_BLOCK_CAPTURE_AUTORELEASING = YES;
				CLANG_WARN_BOOL_CONVERSION = YES;
				CLANG_WARN_COMMA = YES;
				CLANG_WARN_CONSTANT_CONVERSION = YES;
				CLANG_WARN_DEPRECATED_OBJC_IMPLEMENTATIONS = YES;
				CLANG_WARN_DIRECT_OBJC_ISA_USAGE = YES_ERROR;
				CLANG_WARN_DOCUMENTATION_COMMENTS = YES;
				CLANG_WARN_EMPTY_BODY = YES;
				CLANG_WARN_ENUM_CONVERSION = YES;
				CLANG_WARN_INFINITE_RECURSION = YES;
				CLANG_WARN_INT_CONVERSION = YES;
				CLANG_WARN_NON_LITERAL_NULL_CONVERSION = YES;
				CLANG_WARN_OBJC_IMPLICIT_RETAIN_SELF = YES;
				CLANG_WARN_OBJC_LITERAL_CONVERSION = YES;
				CLANG_WARN_OBJC_ROOT_CLASS = YES_ERROR;
				CLANG_WARN_QUOTED_INCLUDE_IN_FRAMEWORK_HEADER = YES;
				CLANG_WARN_RANGE_LOOP_ANALYSIS = YES;
				CLANG_WARN_STRICT_PROTOTYPES = YES;
				CLANG_WARN_SUSPICIOUS_MOVE = YES;
				CLANG_WARN_UNGUARDED_AVAILABILITY = YES_AGGRESSIVE;
				CLANG_WARN_UNREACHABLE_CODE = YES;
				CLANG_WARN__DUPLICATE_METHOD_MATCH = YES;
				COPY_PHASE_STRIP = NO;
				CURRENT_PROJECT_VERSION = 1;
				DEBUG_INFORMATION_FORMAT = dwarf;
				ENABLE_STRICT_OBJC_MSGSEND = YES;
				ENABLE_TESTABILITY = YES;
				ENABLE_USER_SCRIPT_SANDBOXING = YES;
				GCC_C_LANGUAGE_STANDARD = gnu17;
				GCC_DYNAMIC_NO_PIC = NO;
				GCC_NO_COMMON_BLOCKS = YES;
				GCC_OPTIMIZATION_LEVEL = 0;
				GCC_PREPROCESSOR_DEFINITIONS = (
					"DEBUG=1",
					"$(inherited)",
				);
				GCC_WARN_64_TO_32_BIT_CONVERSION = YES;
				GCC_WARN_ABOUT_RETURN_TYPE = YES_ERROR;
				GCC_WARN_UNDECLARED_SELECTOR = YES;
				GCC_WARN_UNINITIALIZED_AUTOS = YES_AGGRESSIVE;
				GCC_WARN_UNUSED_FUNCTION = YES;
				GCC_WARN_UNUSED_VARIABLE = YES;
				IPHONEOS_DEPLOYMENT_TARGET = 12.0;
				LOCALIZATION_PREFERS_STRING_CATALOGS = YES;
				MTL_ENABLE_DEBUG_INFO = INCLUDE_SOURCE;
				MTL_FAST_MATH = YES;
				ONLY_ACTIVE_ARCH = YES;
				SDKROOT = iphoneos;
				SWIFT_ACTIVE_COMPILATION_CONDITIONS = "DEBUG $(inherited)";
				SWIFT_OPTIMIZATION_LEVEL = "-Onone";
				VERSIONING_SYSTEM = "apple-generic";
				VERSION_INFO_PREFIX = "";
			};
			name = Debug;
		};
		23F391782B3191C5006D7033 /* Release */ = {
			isa = XCBuildConfiguration;
			buildSettings = {
				ALWAYS_SEARCH_USER_PATHS = NO;
				ASSETCATALOG_COMPILER_GENERATE_SWIFT_ASSET_SYMBOL_EXTENSIONS = YES;
				CLANG_ANALYZER_NONNULL = YES;
				CLANG_ANALYZER_NUMBER_OBJECT_CONVERSION = YES_AGGRESSIVE;
				CLANG_CXX_LANGUAGE_STANDARD = "gnu++20";
				CLANG_ENABLE_MODULES = YES;
				CLANG_ENABLE_OBJC_ARC = YES;
				CLANG_ENABLE_OBJC_WEAK = YES;
				CLANG_WARN_BLOCK_CAPTURE_AUTORELEASING = YES;
				CLANG_WARN_BOOL_CONVERSION = YES;
				CLANG_WARN_COMMA = YES;
				CLANG_WARN_CONSTANT_CONVERSION = YES;
				CLANG_WARN_DEPRECATED_OBJC_IMPLEMENTATIONS = YES;
				CLANG_WARN_DIRECT_OBJC_ISA_USAGE = YES_ERROR;
				CLANG_WARN_DOCUMENTATION_COMMENTS = YES;
				CLANG_WARN_EMPTY_BODY = YES;
				CLANG_WARN_ENUM_CONVERSION = YES;
				CLANG_WARN_INFINITE_RECURSION = YES;
				CLANG_WARN_INT_CONVERSION = YES;
				CLANG_WARN_NON_LITERAL_NULL_CONVERSION = YES;
				CLANG_WARN_OBJC_IMPLICIT_RETAIN_SELF = YES;
				CLANG_WARN_OBJC_LITERAL_CONVERSION = YES;
				CLANG_WARN_OBJC_ROOT_CLASS = YES_ERROR;
				CLANG_WARN_QUOTED_INCLUDE_IN_FRAMEWORK_HEADER = YES;
				CLANG_WARN_RANGE_LOOP_ANALYSIS = YES;
				CLANG_WARN_STRICT_PROTOTYPES = YES;
				CLANG_WARN_SUSPICIOUS_MOVE = YES;
				CLANG_WARN_UNGUARDED_AVAILABILITY = YES_AGGRESSIVE;
				CLANG_WARN_UNREACHABLE_CODE = YES;
				CLANG_WARN__DUPLICATE_METHOD_MATCH = YES;
				COPY_PHASE_STRIP = NO;
				CURRENT_PROJECT_VERSION = 1;
				DEBUG_INFORMATION_FORMAT = "dwarf-with-dsym";
				ENABLE_NS_ASSERTIONS = NO;
				ENABLE_STRICT_OBJC_MSGSEND = YES;
				ENABLE_USER_SCRIPT_SANDBOXING = YES;
				GCC_C_LANGUAGE_STANDARD = gnu17;
				GCC_NO_COMMON_BLOCKS = YES;
				GCC_WARN_64_TO_32_BIT_CONVERSION = YES;
				GCC_WARN_ABOUT_RETURN_TYPE = YES_ERROR;
				GCC_WARN_UNDECLARED_SELECTOR = YES;
				GCC_WARN_UNINITIALIZED_AUTOS = YES_AGGRESSIVE;
				GCC_WARN_UNUSED_FUNCTION = YES;
				GCC_WARN_UNUSED_VARIABLE = YES;
				IPHONEOS_DEPLOYMENT_TARGET = 12.0;
				LOCALIZATION_PREFERS_STRING_CATALOGS = YES;
				MTL_ENABLE_DEBUG_INFO = NO;
				MTL_FAST_MATH = YES;
				SDKROOT = iphoneos;
				SWIFT_COMPILATION_MODE = wholemodule;
				VALIDATE_PRODUCT = YES;
				VERSIONING_SYSTEM = "apple-generic";
				VERSION_INFO_PREFIX = "";
			};
			name = Release;
		};
		23F3917A2B3191C5006D7033 /* Debug */ = {
			isa = XCBuildConfiguration;
			buildSettings = {
				CODE_SIGN_STYLE = Automatic;
				CURRENT_PROJECT_VERSION = 1;
				DEFINES_MODULE = YES;
				DEVELOPMENT_TEAM = R25D8C74JA;
				DYLIB_COMPATIBILITY_VERSION = 1;
				DYLIB_CURRENT_VERSION = 1;
				DYLIB_INSTALL_NAME_BASE = "@rpath";
				ENABLE_MODULE_VERIFIER = YES;
				GENERATE_INFOPLIST_FILE = YES;
				INFOPLIST_KEY_NSHumanReadableCopyright = "";
				INSTALL_PATH = "$(LOCAL_LIBRARY_DIR)/Frameworks";
				LD_RUNPATH_SEARCH_PATHS = (
					"$(inherited)",
					"@executable_path/Frameworks",
					"@loader_path/Frameworks",
				);
				MARKETING_VERSION = 1.0;
				MODULE_VERIFIER_SUPPORTED_LANGUAGES = "objective-c objective-c++";
				MODULE_VERIFIER_SUPPORTED_LANGUAGE_STANDARDS = "gnu17 gnu++20";
				PRODUCT_BUNDLE_IDENTIFIER = com.windy.Yang;
				PRODUCT_NAME = "$(TARGET_NAME:c99extidentifier)";
				SKIP_INSTALL = YES;
				SWIFT_EMIT_LOC_STRINGS = YES;
				SWIFT_VERSION = 5.0;
				TARGETED_DEVICE_FAMILY = "1,2";
			};
			name = Debug;
		};
		23F3917B2B3191C5006D7033 /* Release */ = {
			isa = XCBuildConfiguration;
			buildSettings = {
				CODE_SIGN_STYLE = Automatic;
				CURRENT_PROJECT_VERSION = 1;
				DEFINES_MODULE = YES;
				DEVELOPMENT_TEAM = R25D8C74JA;
				DYLIB_COMPATIBILITY_VERSION = 1;
				DYLIB_CURRENT_VERSION = 1;
				DYLIB_INSTALL_NAME_BASE = "@rpath";
				ENABLE_MODULE_VERIFIER = YES;
				GENERATE_INFOPLIST_FILE = YES;
				INFOPLIST_KEY_NSHumanReadableCopyright = "";
				INSTALL_PATH = "$(LOCAL_LIBRARY_DIR)/Frameworks";
				LD_RUNPATH_SEARCH_PATHS = (
					"$(inherited)",
					"@executable_path/Frameworks",
					"@loader_path/Frameworks",
				);
				MARKETING_VERSION = 1.0;
				MODULE_VERIFIER_SUPPORTED_LANGUAGES = "objective-c objective-c++";
				MODULE_VERIFIER_SUPPORTED_LANGUAGE_STANDARDS = "gnu17 gnu++20";
				PRODUCT_BUNDLE_IDENTIFIER = com.windy.Yang;
				PRODUCT_NAME = "$(TARGET_NAME:c99extidentifier)";
				SKIP_INSTALL = YES;
				SWIFT_EMIT_LOC_STRINGS = YES;
				SWIFT_VERSION = 5.0;
				TARGETED_DEVICE_FAMILY = "1,2";
			};
			name = Release;
		};
		23F3917D2B3191C5006D7033 /* Debug */ = {
			isa = XCBuildConfiguration;
			buildSettings = {
				ALWAYS_EMBED_SWIFT_STANDARD_LIBRARIES = YES;
				CODE_SIGN_STYLE = Automatic;
				CURRENT_PROJECT_VERSION = 1;
				DEVELOPMENT_TEAM = R25D8C74JA;
				GENERATE_INFOPLIST_FILE = YES;
				MARKETING_VERSION = 1.0;
				PRODUCT_BUNDLE_IDENTIFIER = com.windy.YangTests;
				PRODUCT_NAME = "$(TARGET_NAME)";
				SWIFT_EMIT_LOC_STRINGS = NO;
				SWIFT_VERSION = 5.0;
				TARGETED_DEVICE_FAMILY = "1,2";
			};
			name = Debug;
		};
		23F3917E2B3191C5006D7033 /* Release */ = {
			isa = XCBuildConfiguration;
			buildSettings = {
				ALWAYS_EMBED_SWIFT_STANDARD_LIBRARIES = YES;
				CODE_SIGN_STYLE = Automatic;
				CURRENT_PROJECT_VERSION = 1;
				DEVELOPMENT_TEAM = R25D8C74JA;
				GENERATE_INFOPLIST_FILE = YES;
				MARKETING_VERSION = 1.0;
				PRODUCT_BUNDLE_IDENTIFIER = com.windy.YangTests;
				PRODUCT_NAME = "$(TARGET_NAME)";
				SWIFT_EMIT_LOC_STRINGS = NO;
				SWIFT_VERSION = 5.0;
				TARGETED_DEVICE_FAMILY = "1,2";
			};
			name = Release;
		};
/* End XCBuildConfiguration section */

/* Begin XCConfigurationList section */
		23F3915F2B3191C5006D7033 /* Build configuration list for PBXProject "Yang" */ = {
			isa = XCConfigurationList;
			buildConfigurations = (
				23F391772B3191C5006D7033 /* Debug */,
				23F391782B3191C5006D7033 /* Release */,
			);
			defaultConfigurationIsVisible = 0;
			defaultConfigurationName = Release;
		};
		23F391792B3191C5006D7033 /* Build configuration list for PBXNativeTarget "Yang" */ = {
			isa = XCConfigurationList;
			buildConfigurations = (
				23F3917A2B3191C5006D7033 /* Debug */,
				23F3917B2B3191C5006D7033 /* Release */,
			);
			defaultConfigurationIsVisible = 0;
			defaultConfigurationName = Release;
		};
		23F3917C2B3191C5006D7033 /* Build configuration list for PBXNativeTarget "YangTests" */ = {
			isa = XCConfigurationList;
			buildConfigurations = (
				23F3917D2B3191C5006D7033 /* Debug */,
				23F3917E2B3191C5006D7033 /* Release */,
			);
			defaultConfigurationIsVisible = 0;
			defaultConfigurationName = Release;
		};
/* End XCConfigurationList section */
	};
	rootObject = 23F3915C2B3191C5006D7033 /* Project object */;
}
