// !$*UTF8*$!
{
	archiveVersion = 1;
	classes = {
	};
	objectVersion = 56;
	objects = {

/* Begin PBXBuildFile section */
		239DF2852B319C4C00960641 /* BaseViewController.swift in Sources */ = {isa = PBXBuildFile; fileRef = 239DF2842B319C4C00960641 /* BaseViewController.swift */; };
		239DF2872B319C5900960641 /* BaseBatchViewController.swift in Sources */ = {isa = PBXBuildFile; fileRef = 239DF2862B319C5900960641 /* BaseBatchViewController.swift */; };
		239DF28D2B31C94800960641 /* ColorView.swift in Sources */ = {isa = PBXBuildFile; fileRef = 239DF28C2B31C94800960641 /* ColorView.swift */; };
		239DF2952B31D13200960641 /* Yang.framework in Frameworks */ = {isa = PBXBuildFile; fileRef = 239DF2942B31D13200960641 /* Yang.framework */; };
		239DF2962B31D13200960641 /* Yang.framework in Embed Frameworks */ = {isa = PBXBuildFile; fileRef = 239DF2942B31D13200960641 /* Yang.framework */; settings = {ATTRIBUTES = (CodeSignOnCopy, RemoveHeadersOnCopy, ); }; };
		23BE2D942B3422D600D7FBC2 /* BaseUpdateViewController.swift in Sources */ = {isa = PBXBuildFile; fileRef = 23BE2D932B3422D600D7FBC2 /* BaseUpdateViewController.swift */; };
		23DAD6662B9B17BC00CC66A9 /* ReadmeExampleController.swift in Sources */ = {isa = PBXBuildFile; fileRef = 23DAD6652B9B17BC00CC66A9 /* ReadmeExampleController.swift */; };
		23F391452B319135006D7033 /* AppDelegate.swift in Sources */ = {isa = PBXBuildFile; fileRef = 23F391442B319135006D7033 /* AppDelegate.swift */; };
		23F391472B319135006D7033 /* SceneDelegate.swift in Sources */ = {isa = PBXBuildFile; fileRef = 23F391462B319135006D7033 /* SceneDelegate.swift */; };
		23F391492B319135006D7033 /* ViewController.swift in Sources */ = {isa = PBXBuildFile; fileRef = 23F391482B319135006D7033 /* ViewController.swift */; };
		23F3914C2B319135006D7033 /* Main.storyboard in Resources */ = {isa = PBXBuildFile; fileRef = 23F3914A2B319135006D7033 /* Main.storyboard */; };
		23F3914E2B319136006D7033 /* Assets.xcassets in Resources */ = {isa = PBXBuildFile; fileRef = 23F3914D2B319136006D7033 /* Assets.xcassets */; };
		23F391512B319136006D7033 /* LaunchScreen.storyboard in Resources */ = {isa = PBXBuildFile; fileRef = 23F3914F2B319136006D7033 /* LaunchScreen.storyboard */; };
/* End PBXBuildFile section */

/* Begin PBXCopyFilesBuildPhase section */
		239DF2972B31D13200960641 /* Embed Frameworks */ = {
			isa = PBXCopyFilesBuildPhase;
			buildActionMask = 2147483647;
			dstPath = "";
			dstSubfolderSpec = 10;
			files = (
				239DF2962B31D13200960641 /* Yang.framework in Embed Frameworks */,
			);
			name = "Embed Frameworks";
			runOnlyForDeploymentPostprocessing = 0;
		};
/* End PBXCopyFilesBuildPhase section */

/* Begin PBXFileReference section */
		239DF2842B319C4C00960641 /* BaseViewController.swift */ = {isa = PBXFileReference; lastKnownFileType = sourcecode.swift; path = BaseViewController.swift; sourceTree = "<group>"; };
		239DF2862B319C5900960641 /* BaseBatchViewController.swift */ = {isa = PBXFileReference; lastKnownFileType = sourcecode.swift; path = BaseBatchViewController.swift; sourceTree = "<group>"; };
		239DF28C2B31C94800960641 /* ColorView.swift */ = {isa = PBXFileReference; lastKnownFileType = sourcecode.swift; path = ColorView.swift; sourceTree = "<group>"; };
		239DF2942B31D13200960641 /* Yang.framework */ = {isa = PBXFileReference; explicitFileType = wrapper.framework; path = Yang.framework; sourceTree = BUILT_PRODUCTS_DIR; };
		23BE2D932B3422D600D7FBC2 /* BaseUpdateViewController.swift */ = {isa = PBXFileReference; lastKnownFileType = sourcecode.swift; path = BaseUpdateViewController.swift; sourceTree = "<group>"; };
		23DAD6652B9B17BC00CC66A9 /* ReadmeExampleController.swift */ = {isa = PBXFileReference; lastKnownFileType = sourcecode.swift; path = ReadmeExampleController.swift; sourceTree = "<group>"; };
		23F391412B319135006D7033 /* Yang-Examples.app */ = {isa = PBXFileReference; explicitFileType = wrapper.application; includeInIndex = 0; path = "Yang-Examples.app"; sourceTree = BUILT_PRODUCTS_DIR; };
		23F391442B319135006D7033 /* AppDelegate.swift */ = {isa = PBXFileReference; lastKnownFileType = sourcecode.swift; path = AppDelegate.swift; sourceTree = "<group>"; };
		23F391462B319135006D7033 /* SceneDelegate.swift */ = {isa = PBXFileReference; lastKnownFileType = sourcecode.swift; path = SceneDelegate.swift; sourceTree = "<group>"; };
		23F391482B319135006D7033 /* ViewController.swift */ = {isa = PBXFileReference; lastKnownFileType = sourcecode.swift; path = ViewController.swift; sourceTree = "<group>"; };
		23F3914B2B319135006D7033 /* Base */ = {isa = PBXFileReference; lastKnownFileType = file.storyboard; name = Base; path = Base.lproj/Main.storyboard; sourceTree = "<group>"; };
		23F3914D2B319136006D7033 /* Assets.xcassets */ = {isa = PBXFileReference; lastKnownFileType = folder.assetcatalog; path = Assets.xcassets; sourceTree = "<group>"; };
		23F391502B319136006D7033 /* Base */ = {isa = PBXFileReference; lastKnownFileType = file.storyboard; name = Base; path = Base.lproj/LaunchScreen.storyboard; sourceTree = "<group>"; };
		23F391522B319136006D7033 /* Info.plist */ = {isa = PBXFileReference; lastKnownFileType = text.plist.xml; path = Info.plist; sourceTree = "<group>"; };
/* End PBXFileReference section */

/* Begin PBXFrameworksBuildPhase section */
		23F3913E2B319135006D7033 /* Frameworks */ = {
			isa = PBXFrameworksBuildPhase;
			buildActionMask = 2147483647;
			files = (
				239DF2952B31D13200960641 /* Yang.framework in Frameworks */,
			);
			runOnlyForDeploymentPostprocessing = 0;
		};
/* End PBXFrameworksBuildPhase section */

/* Begin PBXGroup section */
		239DF2932B31D13200960641 /* Frameworks */ = {
			isa = PBXGroup;
			children = (
				239DF2942B31D13200960641 /* Yang.framework */,
			);
			name = Frameworks;
			sourceTree = "<group>";
		};
		23F391382B319135006D7033 = {
			isa = PBXGroup;
			children = (
				23F391432B319135006D7033 /* Yang-Examples */,
				23F391422B319135006D7033 /* Products */,
				239DF2932B31D13200960641 /* Frameworks */,
			);
			sourceTree = "<group>";
		};
		23F391422B319135006D7033 /* Products */ = {
			isa = PBXGroup;
			children = (
				23F391412B319135006D7033 /* Yang-Examples.app */,
			);
			name = Products;
			sourceTree = "<group>";
		};
		23F391432B319135006D7033 /* Yang-Examples */ = {
			isa = PBXGroup;
			children = (
				23F391442B319135006D7033 /* AppDelegate.swift */,
				23F391462B319135006D7033 /* SceneDelegate.swift */,
				23F391482B319135006D7033 /* ViewController.swift */,
				239DF2842B319C4C00960641 /* BaseViewController.swift */,
				23BE2D932B3422D600D7FBC2 /* BaseUpdateViewController.swift */,
				239DF2862B319C5900960641 /* BaseBatchViewController.swift */,
				23DAD6652B9B17BC00CC66A9 /* ReadmeExampleController.swift */,
				239DF28C2B31C94800960641 /* ColorView.swift */,
				23F3914A2B319135006D7033 /* Main.storyboard */,
				23F3914D2B319136006D7033 /* Assets.xcassets */,
				23F3914F2B319136006D7033 /* LaunchScreen.storyboard */,
				23F391522B319136006D7033 /* Info.plist */,
			);
			path = "Yang-Examples";
			sourceTree = "<group>";
		};
/* End PBXGroup section */

/* Begin PBXNativeTarget section */
		23F391402B319135006D7033 /* Yang-Examples */ = {
			isa = PBXNativeTarget;
			buildConfigurationList = 23F391552B319136006D7033 /* Build configuration list for PBXNativeTarget "Yang-Examples" */;
			buildPhases = (
				23F3913D2B319135006D7033 /* Sources */,
				23F3913E2B319135006D7033 /* Frameworks */,
				23F3913F2B319135006D7033 /* Resources */,
				239DF2972B31D13200960641 /* Embed Frameworks */,
			);
			buildRules = (
			);
			dependencies = (
			);
			name = "Yang-Examples";
			packageProductDependencies = (
			);
			productName = "Yang-Examples";
			productReference = 23F391412B319135006D7033 /* Yang-Examples.app */;
			productType = "com.apple.product-type.application";
		};
/* End PBXNativeTarget section */

/* Begin PBXProject section */
		23F391392B319135006D7033 /* Project object */ = {
			isa = PBXProject;
			attributes = {
				BuildIndependentTargetsInParallel = 1;
				LastSwiftUpdateCheck = 1510;
				LastUpgradeCheck = 1510;
				TargetAttributes = {
					23F391402B319135006D7033 = {
						CreatedOnToolsVersion = 15.1;
					};
				};
			};
			buildConfigurationList = 23F3913C2B319135006D7033 /* Build configuration list for PBXProject "Yang-Examples" */;
			compatibilityVersion = "Xcode 14.0";
			developmentRegion = en;
			hasScannedForEncodings = 0;
			knownRegions = (
				en,
				Base,
			);
			mainGroup = 23F391382B319135006D7033;
			packageReferences = (
			);
			productRefGroup = 23F391422B319135006D7033 /* Products */;
			projectDirPath = "";
			projectRoot = "";
			targets = (
				23F391402B319135006D7033 /* Yang-Examples */,
			);
		};
/* End PBXProject section */

/* Begin PBXResourcesBuildPhase section */
		23F3913F2B319135006D7033 /* Resources */ = {
			isa = PBXResourcesBuildPhase;
			buildActionMask = 2147483647;
			files = (
				23F391512B319136006D7033 /* LaunchScreen.storyboard in Resources */,
				23F3914E2B319136006D7033 /* Assets.xcassets in Resources */,
				23F3914C2B319135006D7033 /* Main.storyboard in Resources */,
			);
			runOnlyForDeploymentPostprocessing = 0;
		};
/* End PBXResourcesBuildPhase section */

/* Begin PBXSourcesBuildPhase section */
		23F3913D2B319135006D7033 /* Sources */ = {
			isa = PBXSourcesBuildPhase;
			buildActionMask = 2147483647;
			files = (
				239DF28D2B31C94800960641 /* ColorView.swift in Sources */,
				23F391492B319135006D7033 /* ViewController.swift in Sources */,
				23DAD6662B9B17BC00CC66A9 /* ReadmeExampleController.swift in Sources */,
				239DF2872B319C5900960641 /* BaseBatchViewController.swift in Sources */,
				239DF2852B319C4C00960641 /* BaseViewController.swift in Sources */,
				23BE2D942B3422D600D7FBC2 /* BaseUpdateViewController.swift in Sources */,
				23F391452B319135006D7033 /* AppDelegate.swift in Sources */,
				23F391472B319135006D7033 /* SceneDelegate.swift in Sources */,
			);
			runOnlyForDeploymentPostprocessing = 0;
		};
/* End PBXSourcesBuildPhase section */

/* Begin PBXVariantGroup section */
		23F3914A2B319135006D7033 /* Main.storyboard */ = {
			isa = PBXVariantGroup;
			children = (
				23F3914B2B319135006D7033 /* Base */,
			);
			name = Main.storyboard;
			sourceTree = "<group>";
		};
		23F3914F2B319136006D7033 /* LaunchScreen.storyboard */ = {
			isa = PBXVariantGroup;
			children = (
				23F391502B319136006D7033 /* Base */,
			);
			name = LaunchScreen.storyboard;
			sourceTree = "<group>";
		};
/* End PBXVariantGroup section */

/* Begin XCBuildConfiguration section */
		23F391532B319136006D7033 /* Debug */ = {
			isa = XCBuildConfiguration;
			buildSettings = {
				ALWAYS_SEARCH_USER_PATHS = NO;
				ASSETCATALOG_COMPILER_GENERATE_SWIFT_ASSET_SYMBOL_EXTENSIONS = YES;
				CLANG_ANALYZER_NONNULL = YES;
				CLANG_ANALYZER_NUMBER_OBJECT_CONVERSION = YES_AGGRESSIVE;
				CLANG_CXX_LANGUAGE_STANDARD = "gnu++20";
				CLANG_ENABLE_MODULES = YES;
				CLANG_ENABLE_OBJC_ARC = YES;
				CLANG_ENABLE_OBJC_WEAK = YES;
				CLANG_WARN_BLOCK_CAPTURE_AUTORELEASING = YES;
				CLANG_WARN_BOOL_CONVERSION = YES;
				CLANG_WARN_COMMA = YES;
				CLANG_WARN_CONSTANT_CONVERSION = YES;
				CLANG_WARN_DEPRECATED_OBJC_IMPLEMENTATIONS = YES;
				CLANG_WARN_DIRECT_OBJC_ISA_USAGE = YES_ERROR;
				CLANG_WARN_DOCUMENTATION_COMMENTS = YES;
				CLANG_WARN_EMPTY_BODY = YES;
				CLANG_WARN_ENUM_CONVERSION = YES;
				CLANG_WARN_INFINITE_RECURSION = YES;
				CLANG_WARN_INT_CONVERSION = YES;
				CLANG_WARN_NON_LITERAL_NULL_CONVERSION = YES;
				CLANG_WARN_OBJC_IMPLICIT_RETAIN_SELF = YES;
				CLANG_WARN_OBJC_LITERAL_CONVERSION = YES;
				CLANG_WARN_OBJC_ROOT_CLASS = YES_ERROR;
				CLANG_WARN_QUOTED_INCLUDE_IN_FRAMEWORK_HEADER = YES;
				CLANG_WARN_RANGE_LOOP_ANALYSIS = YES;
				CLANG_WARN_STRICT_PROTOTYPES = YES;
				CLANG_WARN_SUSPICIOUS_MOVE = YES;
				CLANG_WARN_UNGUARDED_AVAILABILITY = YES_AGGRESSIVE;
				CLANG_WARN_UNREACHABLE_CODE = YES;
				CLANG_WARN__DUPLICATE_METHOD_MATCH = YES;
				COPY_PHASE_STRIP = NO;
				DEBUG_INFORMATION_FORMAT = dwarf;
				ENABLE_STRICT_OBJC_MSGSEND = YES;
				ENABLE_TESTABILITY = YES;
				ENABLE_USER_SCRIPT_SANDBOXING = YES;
				GCC_C_LANGUAGE_STANDARD = gnu17;
				GCC_DYNAMIC_NO_PIC = NO;
				GCC_NO_COMMON_BLOCKS = YES;
				GCC_OPTIMIZATION_LEVEL = 0;
				GCC_PREPROCESSOR_DEFINITIONS = (
					"DEBUG=1",
					"$(inherited)",
				);
				GCC_WARN_64_TO_32_BIT_CONVERSION = YES;
				GCC_WARN_ABOUT_RETURN_TYPE = YES_ERROR;
				GCC_WARN_UNDECLARED_SELECTOR = YES;
				GCC_WARN_UNINITIALIZED_AUTOS = YES_AGGRESSIVE;
				GCC_WARN_UNUSED_FUNCTION = YES;
				GCC_WARN_UNUSED_VARIABLE = YES;
				IPHONEOS_DEPLOYMENT_TARGET = 17.2;
				LOCALIZATION_PREFERS_STRING_CATALOGS = YES;
				MTL_ENABLE_DEBUG_INFO = INCLUDE_SOURCE;
				MTL_FAST_MATH = YES;
				ONLY_ACTIVE_ARCH = YES;
				SDKROOT = iphoneos;
				SWIFT_ACTIVE_COMPILATION_CONDITIONS = "DEBUG $(inherited)";
				SWIFT_OPTIMIZATION_LEVEL = "-Onone";
			};
			name = Debug;
		};
		23F391542B319136006D7033 /* Release */ = {
			isa = XCBuildConfiguration;
			buildSettings = {
				ALWAYS_SEARCH_USER_PATHS = NO;
				ASSETCATALOG_COMPILER_GENERATE_SWIFT_ASSET_SYMBOL_EXTENSIONS = YES;
				CLANG_ANALYZER_NONNULL = YES;
				CLANG_ANALYZER_NUMBER_OBJECT_CONVERSION = YES_AGGRESSIVE;
				CLANG_CXX_LANGUAGE_STANDARD = "gnu++20";
				CLANG_ENABLE_MODULES = YES;
				CLANG_ENABLE_OBJC_ARC = YES;
				CLANG_ENABLE_OBJC_WEAK = YES;
				CLANG_WARN_BLOCK_CAPTURE_AUTORELEASING = YES;
				CLANG_WARN_BOOL_CONVERSION = YES;
				CLANG_WARN_COMMA = YES;
				CLANG_WARN_CONSTANT_CONVERSION = YES;
				CLANG_WARN_DEPRECATED_OBJC_IMPLEMENTATIONS = YES;
				CLANG_WARN_DIRECT_OBJC_ISA_USAGE = YES_ERROR;
				CLANG_WARN_DOCUMENTATION_COMMENTS = YES;
				CLANG_WARN_EMPTY_BODY = YES;
				CLANG_WARN_ENUM_CONVERSION = YES;
				CLANG_WARN_INFINITE_RECURSION = YES;
				CLANG_WARN_INT_CONVERSION = YES;
				CLANG_WARN_NON_LITERAL_NULL_CONVERSION = YES;
				CLANG_WARN_OBJC_IMPLICIT_RETAIN_SELF = YES;
				CLANG_WARN_OBJC_LITERAL_CONVERSION = YES;
				CLANG_WARN_OBJC_ROOT_CLASS = YES_ERROR;
				CLANG_WARN_QUOTED_INCLUDE_IN_FRAMEWORK_HEADER = YES;
				CLANG_WARN_RANGE_LOOP_ANALYSIS = YES;
				CLANG_WARN_STRICT_PROTOTYPES = YES;
				CLANG_WARN_SUSPICIOUS_MOVE = YES;
				CLANG_WARN_UNGUARDED_AVAILABILITY = YES_AGGRESSIVE;
				CLANG_WARN_UNREACHABLE_CODE = YES;
				CLANG_WARN__DUPLICATE_METHOD_MATCH = YES;
				COPY_PHASE_STRIP = NO;
				DEBUG_INFORMATION_FORMAT = "dwarf-with-dsym";
				ENABLE_NS_ASSERTIONS = NO;
				ENABLE_STRICT_OBJC_MSGSEND = YES;
				ENABLE_USER_SCRIPT_SANDBOXING = YES;
				GCC_C_LANGUAGE_STANDARD = gnu17;
				GCC_NO_COMMON_BLOCKS = YES;
				GCC_WARN_64_TO_32_BIT_CONVERSION = YES;
				GCC_WARN_ABOUT_RETURN_TYPE = YES_ERROR;
				GCC_WARN_UNDECLARED_SELECTOR = YES;
				GCC_WARN_UNINITIALIZED_AUTOS = YES_AGGRESSIVE;
				GCC_WARN_UNUSED_FUNCTION = YES;
				GCC_WARN_UNUSED_VARIABLE = YES;
				IPHONEOS_DEPLOYMENT_TARGET = 17.2;
				LOCALIZATION_PREFERS_STRING_CATALOGS = YES;
				MTL_ENABLE_DEBUG_INFO = NO;
				MTL_FAST_MATH = YES;
				SDKROOT = iphoneos;
				SWIFT_COMPILATION_MODE = wholemodule;
				VALIDATE_PRODUCT = YES;
			};
			name = Release;
		};
		23F391562B319136006D7033 /* Debug */ = {
			isa = XCBuildConfiguration;
			buildSettings = {
				ASSETCATALOG_COMPILER_APPICON_NAME = AppIcon;
				ASSETCATALOG_COMPILER_GLOBAL_ACCENT_COLOR_NAME = AccentColor;
				CODE_SIGN_STYLE = Automatic;
				CURRENT_PROJECT_VERSION = 1;
				DEVELOPMENT_TEAM = R25D8C74JA;
				GENERATE_INFOPLIST_FILE = YES;
				INFOPLIST_FILE = "Yang-Examples/Info.plist";
				INFOPLIST_KEY_UIApplicationSupportsIndirectInputEvents = YES;
				INFOPLIST_KEY_UILaunchStoryboardName = LaunchScreen;
				INFOPLIST_KEY_UIMainStoryboardFile = Main;
				INFOPLIST_KEY_UISupportedInterfaceOrientations_iPad = "UIInterfaceOrientationPortrait UIInterfaceOrientationPortraitUpsideDown UIInterfaceOrientationLandscapeLeft UIInterfaceOrientationLandscapeRight";
				INFOPLIST_KEY_UISupportedInterfaceOrientations_iPhone = "UIInterfaceOrientationPortrait UIInterfaceOrientationLandscapeLeft UIInterfaceOrientationLandscapeRight";
				LD_RUNPATH_SEARCH_PATHS = (
					"$(inherited)",
					"@executable_path/Frameworks",
				);
				MARKETING_VERSION = 1.0;
				PRODUCT_BUNDLE_IDENTIFIER = "com.windy.Yang-Examples";
				PRODUCT_NAME = "$(TARGET_NAME)";
				SWIFT_EMIT_LOC_STRINGS = YES;
				SWIFT_VERSION = 5.0;
				TARGETED_DEVICE_FAMILY = "1,2";
			};
			name = Debug;
		};
		23F391572B319136006D7033 /* Release */ = {
			isa = XCBuildConfiguration;
			buildSettings = {
				ASSETCATALOG_COMPILER_APPICON_NAME = AppIcon;
				ASSETCATALOG_COMPILER_GLOBAL_ACCENT_COLOR_NAME = AccentColor;
				CODE_SIGN_STYLE = Automatic;
				CURRENT_PROJECT_VERSION = 1;
				DEVELOPMENT_TEAM = R25D8C74JA;
				GENERATE_INFOPLIST_FILE = YES;
				INFOPLIST_FILE = "Yang-Examples/Info.plist";
				INFOPLIST_KEY_UIApplicationSupportsIndirectInputEvents = YES;
				INFOPLIST_KEY_UILaunchStoryboardName = LaunchScreen;
				INFOPLIST_KEY_UIMainStoryboardFile = Main;
				INFOPLIST_KEY_UISupportedInterfaceOrientations_iPad = "UIInterfaceOrientationPortrait UIInterfaceOrientationPortraitUpsideDown UIInterfaceOrientationLandscapeLeft UIInterfaceOrientationLandscapeRight";
				INFOPLIST_KEY_UISupportedInterfaceOrientations_iPhone = "UIInterfaceOrientationPortrait UIInterfaceOrientationLandscapeLeft UIInterfaceOrientationLandscapeRight";
				LD_RUNPATH_SEARCH_PATHS = (
					"$(inherited)",
					"@executable_path/Frameworks",
				);
				MARKETING_VERSION = 1.0;
				PRODUCT_BUNDLE_IDENTIFIER = "com.windy.Yang-Examples";
				PRODUCT_NAME = "$(TARGET_NAME)";
				SWIFT_EMIT_LOC_STRINGS = YES;
				SWIFT_VERSION = 5.0;
				TARGETED_DEVICE_FAMILY = "1,2";
			};
			name = Release;
		};
/* End XCBuildConfiguration section */

/* Begin XCConfigurationList section */
		23F3913C2B319135006D7033 /* Build configuration list for PBXProject "Yang-Examples" */ = {
			isa = XCConfigurationList;
			buildConfigurations = (
				23F391532B319136006D7033 /* Debug */,
				23F391542B319136006D7033 /* Release */,
			);
			defaultConfigurationIsVisible = 0;
			defaultConfigurationName = Release;
		};
		23F391552B319136006D7033 /* Build configuration list for PBXNativeTarget "Yang-Examples" */ = {
			isa = XCConfigurationList;
			buildConfigurations = (
				23F391562B319136006D7033 /* Debug */,
				23F391572B319136006D7033 /* Release */,
			);
			defaultConfigurationIsVisible = 0;
			defaultConfigurationName = Release;
		};
/* End XCConfigurationList section */
	};
	rootObject = 23F391392B319135006D7033 /* Project object */;
}
